// !$*UTF8*$!
{
	archiveVersion = 1;
	classes = {
	};
	objectVersion = 46;
	objects = {

/* Begin PBXBuildFile section */
		1D60589F0D05DD5A006BFB54 /* Foundation.framework in Frameworks */ = {isa = PBXBuildFile; fileRef = 1D30AB110D05D00D00671497 /* Foundation.framework */; };
		1DF5F4E00D08C38300B7A737 /* UIKit.framework in Frameworks */ = {isa = PBXBuildFile; fileRef = 1DF5F4DF0D08C38300B7A737 /* UIKit.framework */; };
		288765FD0DF74451002DB57D /* CoreGraphics.framework in Frameworks */ = {isa = PBXBuildFile; fileRef = 288765FC0DF74451002DB57D /* CoreGraphics.framework */; };
		A01A52D619536C1C001A7AD9 /* MessageUI.framework in Frameworks */ = {isa = PBXBuildFile; fileRef = A01A52D519536C1C001A7AD9 /* MessageUI.framework */; };
		A01D4A291971A747001121FF /* SyntaxDefinitionManager.mm in Sources */ = {isa = PBXBuildFile; fileRef = A01D4A281971A747001121FF /* SyntaxDefinitionManager.mm */; };
		A03F56B91955097000067BE7 /* NSObjectDeprecationFix.mm in Sources */ = {isa = PBXBuildFile; fileRef = A03F56B81955097000067BE7 /* NSObjectDeprecationFix.mm */; };
		A0450BCF19608A03004BD8C8 /* UIScrollableToolbar.mm in Sources */ = {isa = PBXBuildFile; fileRef = A0450BCE19608A03004BD8C8 /* UIScrollableToolbar.mm */; };
		A0450BD219608A1A004BD8C8 /* UIViewCategory.mm in Sources */ = {isa = PBXBuildFile; fileRef = A0450BD119608A1A004BD8C8 /* UIViewCategory.mm */; };
		A0504F491959151C00611FFB /* Default-LandscapeLeft.png in Resources */ = {isa = PBXBuildFile; fileRef = A0504F461959151C00611FFB /* Default-LandscapeLeft.png */; };
		A0504F4A1959151D00611FFB /* Default-LandscapeRight.png in Resources */ = {isa = PBXBuildFile; fileRef = A0504F471959151C00611FFB /* Default-LandscapeRight.png */; };
		A0504F4B1959151D00611FFB /* Default-PortraitUpsideDown.png in Resources */ = {isa = PBXBuildFile; fileRef = A0504F481959151C00611FFB /* Default-PortraitUpsideDown.png */; };
		A0504F571959157700611FFB /* Default-Landscape.png in Resources */ = {isa = PBXBuildFile; fileRef = A0504F561959157700611FFB /* Default-Landscape.png */; };
		A066D3EA195115F300F49F6D /* QuartzCore.framework in Frameworks */ = {isa = PBXBuildFile; fileRef = A066D3E9195115F300F49F6D /* QuartzCore.framework */; };
		A066D54A1951165100F49F6D /* CompilerOrganizer.cpp in Sources */ = {isa = PBXBuildFile; fileRef = A066D48A1951165100F49F6D /* CompilerOrganizer.cpp */; };
		A066D54B1951165100F49F6D /* CompilerThread.cpp in Sources */ = {isa = PBXBuildFile; fileRef = A066D48C1951165100F49F6D /* CompilerThread.cpp */; };
		A066D54C1951165100F49F6D /* CompilerTools.cpp in Sources */ = {isa = PBXBuildFile; fileRef = A066D48E1951165100F49F6D /* CompilerTools.cpp */; };
		A066D54D1951165100F49F6D /* CopyResourcesThread.cpp in Sources */ = {isa = PBXBuildFile; fileRef = A066D4901951165100F49F6D /* CopyResourcesThread.cpp */; };
		A066D54E1951165100F49F6D /* InstallThread.cpp in Sources */ = {isa = PBXBuildFile; fileRef = A066D4921951165100F49F6D /* InstallThread.cpp */; };
		A066D54F1951165100F49F6D /* BuildOptionsActionSheet.mm in Sources */ = {isa = PBXBuildFile; fileRef = A066D4961951165100F49F6D /* BuildOptionsActionSheet.mm */; };
		A066D5501951165100F49F6D /* CompileErrorViewController.mm in Sources */ = {isa = PBXBuildFile; fileRef = A066D4981951165100F49F6D /* CompileErrorViewController.mm */; };
		A066D5511951165100F49F6D /* CompilerViewController.mm in Sources */ = {isa = PBXBuildFile; fileRef = A066D49A1951165100F49F6D /* CompilerViewController.mm */; };
		A066D5521951165100F49F6D /* DDAlertPrompt.mm in Sources */ = {isa = PBXBuildFile; fileRef = A066D49D1951165100F49F6D /* DDAlertPrompt.mm */; };
		A066D5531951165100F49F6D /* UIColorDeprecationFix.mm in Sources */ = {isa = PBXBuildFile; fileRef = A066D49F1951165100F49F6D /* UIColorDeprecationFix.mm */; };
		A066D5541951165100F49F6D /* UIViewControllerDeprecationFix.mm in Sources */ = {isa = PBXBuildFile; fileRef = A066D4A01951165100F49F6D /* UIViewControllerDeprecationFix.mm */; };
		A066D5551951165100F49F6D /* HomescreenViewController.mm in Sources */ = {isa = PBXBuildFile; fileRef = A066D4A31951165100F49F6D /* HomescreenViewController.mm */; };
		A066D5561951165100F49F6D /* iCodeAppDelegate.mm in Sources */ = {isa = PBXBuildFile; fileRef = A066D4A51951165100F49F6D /* iCodeAppDelegate.mm */; };
		A066D5571951165100F49F6D /* IconManager.mm in Sources */ = {isa = PBXBuildFile; fileRef = A066D4A81951165100F49F6D /* IconManager.mm */; };
		A066D5581951165100F49F6D /* LGViewHUD.m in Sources */ = {isa = PBXBuildFile; fileRef = A066D4AB1951165100F49F6D /* LGViewHUD.m */; };
		A066D5591951165100F49F6D /* main.mm in Sources */ = {isa = PBXBuildFile; fileRef = A066D4AC1951165100F49F6D /* main.mm */; };
		A066D55A1951165100F49F6D /* NavigatedViewController.mm in Sources */ = {isa = PBXBuildFile; fileRef = A066D4AF1951165100F49F6D /* NavigatedViewController.mm */; };
		A066D55B1951165100F49F6D /* UINavigator.mm in Sources */ = {isa = PBXBuildFile; fileRef = A066D4B11951165100F49F6D /* UINavigator.mm */; };
		A066D55C1951165100F49F6D /* ObjCBridge.cpp in Sources */ = {isa = PBXBuildFile; fileRef = A066D4B31951165100F49F6D /* ObjCBridge.cpp */; };
		A066D55D1951165100F49F6D /* ObjCBridge.mm in Sources */ = {isa = PBXBuildFile; fileRef = A066D4B51951165100F49F6D /* ObjCBridge.mm */; };
		A066D55E1951165100F49F6D /* AppManagerViewController.mm in Sources */ = {isa = PBXBuildFile; fileRef = A066D4B81951165100F49F6D /* AppManagerViewController.mm */; };
		A066D55F1951165100F49F6D /* FontSelectorViewController.mm in Sources */ = {isa = PBXBuildFile; fileRef = A066D4BA1951165100F49F6D /* FontSelectorViewController.mm */; };
		A066D5601951165100F49F6D /* FontSizePreviewViewController.mm in Sources */ = {isa = PBXBuildFile; fileRef = A066D4BC1951165100F49F6D /* FontSizePreviewViewController.mm */; };
		A066D5611951165100F49F6D /* GlobalPreferences.cpp in Sources */ = {isa = PBXBuildFile; fileRef = A066D4BD1951165100F49F6D /* GlobalPreferences.cpp */; };
		A066D5621951165100F49F6D /* PreferencesViewController.mm in Sources */ = {isa = PBXBuildFile; fileRef = A066D4C01951165100F49F6D /* PreferencesViewController.mm */; };
		A066D5631951165100F49F6D /* ProjectBuildInfo.cpp in Sources */ = {isa = PBXBuildFile; fileRef = A066D4C21951165100F49F6D /* ProjectBuildInfo.cpp */; };
		A066D5641951165100F49F6D /* ProjectData.cpp in Sources */ = {isa = PBXBuildFile; fileRef = A066D4C41951165100F49F6D /* ProjectData.cpp */; };
		A066D5651951165100F49F6D /* ProjectSettings.cpp in Sources */ = {isa = PBXBuildFile; fileRef = A066D4C61951165100F49F6D /* ProjectSettings.cpp */; };
		A066D5661951165100F49F6D /* CreateProjectViewController.mm in Sources */ = {isa = PBXBuildFile; fileRef = A066D4CA1951165100F49F6D /* CreateProjectViewController.mm */; };
		A066D5671951165100F49F6D /* LoadProjectViewController.mm in Sources */ = {isa = PBXBuildFile; fileRef = A066D4CC1951165100F49F6D /* LoadProjectViewController.mm */; };
		A066D5681951165100F49F6D /* ProjLoadTools.cpp in Sources */ = {isa = PBXBuildFile; fileRef = A066D4CD1951165100F49F6D /* ProjLoadTools.cpp */; };
		A066D5691951165100F49F6D /* ProjLoadTools.mm in Sources */ = {isa = PBXBuildFile; fileRef = A066D4CF1951165100F49F6D /* ProjLoadTools.mm */; };
		A066D56A1951165100F49F6D /* SelectTemplateCategoryViewController.mm in Sources */ = {isa = PBXBuildFile; fileRef = A066D4D11951165100F49F6D /* SelectTemplateCategoryViewController.mm */; };
		A066D56B1951165100F49F6D /* TemplateGridViewController.mm in Sources */ = {isa = PBXBuildFile; fileRef = A066D4D31951165100F49F6D /* TemplateGridViewController.mm */; };
		A066D56C1951165100F49F6D /* TemplateInfoViewController.mm in Sources */ = {isa = PBXBuildFile; fileRef = A066D4D51951165100F49F6D /* TemplateInfoViewController.mm */; };
		A066D56D1951165100F49F6D /* AddFrameworkAction.mm in Sources */ = {isa = PBXBuildFile; fileRef = A066D4D91951165100F49F6D /* AddFrameworkAction.mm */; };
		A066D56E1951165100F49F6D /* CellHoldAction.mm in Sources */ = {isa = PBXBuildFile; fileRef = A066D4DB1951165100F49F6D /* CellHoldAction.mm */; };
		A066D56F1951165100F49F6D /* CreateFileAction.mm in Sources */ = {isa = PBXBuildFile; fileRef = A066D4DD1951165100F49F6D /* CreateFileAction.mm */; };
		A066D5701951165100F49F6D /* CreateFolderAction.mm in Sources */ = {isa = PBXBuildFile; fileRef = A066D4DF1951165100F49F6D /* CreateFolderAction.mm */; };
		A066D5711951165100F49F6D /* DeleteAction.mm in Sources */ = {isa = PBXBuildFile; fileRef = A066D4E11951165100F49F6D /* DeleteAction.mm */; };
		A066D5721951165100F49F6D /* EditExternalLibrariesAction.mm in Sources */ = {isa = PBXBuildFile; fileRef = A066D4E31951165100F49F6D /* EditExternalLibrariesAction.mm */; };
		A066D5731951165100F49F6D /* EditIncludeFoldersAction.mm in Sources */ = {isa = PBXBuildFile; fileRef = A066D4E51951165100F49F6D /* EditIncludeFoldersAction.mm */; };
		A066D5741951165100F49F6D /* EditLibFoldersAction.mm in Sources */ = {isa = PBXBuildFile; fileRef = A066D4E71951165100F49F6D /* EditLibFoldersAction.mm */; };
		A066D5751951165100F49F6D /* FileBrowserAction.mm in Sources */ = {isa = PBXBuildFile; fileRef = A066D4E91951165100F49F6D /* FileBrowserAction.mm */; };
		A066D5761951165100F49F6D /* ImportExternalLibraryAction.mm in Sources */ = {isa = PBXBuildFile; fileRef = A066D4EB1951165100F49F6D /* ImportExternalLibraryAction.mm */; };
		A066D5771951165100F49F6D /* ImportFileAction.mm in Sources */ = {isa = PBXBuildFile; fileRef = A066D4ED1951165100F49F6D /* ImportFileAction.mm */; };
		A066D5781951165100F49F6D /* ImportFolderAction.mm in Sources */ = {isa = PBXBuildFile; fileRef = A066D4EF1951165100F49F6D /* ImportFolderAction.mm */; };
		A066D5791951165100F49F6D /* LinkIncludeFolderAction.mm in Sources */ = {isa = PBXBuildFile; fileRef = A066D4F11951165100F49F6D /* LinkIncludeFolderAction.mm */; };
		A066D57A1951165100F49F6D /* LinkLibFolderAction.mm in Sources */ = {isa = PBXBuildFile; fileRef = A066D4F31951165100F49F6D /* LinkLibFolderAction.mm */; };
		A066D57B1951165100F49F6D /* PathListAction.mm in Sources */ = {isa = PBXBuildFile; fileRef = A066D4F51951165100F49F6D /* PathListAction.mm */; };
		A066D57C1951165100F49F6D /* RenameAction.mm in Sources */ = {isa = PBXBuildFile; fileRef = A066D4F81951165100F49F6D /* RenameAction.mm */; };
		A066D57D1951165100F49F6D /* SelectIncludeFolderAction.mm in Sources */ = {isa = PBXBuildFile; fileRef = A066D4FA1951165100F49F6D /* SelectIncludeFolderAction.mm */; };
		A066D57E1951165100F49F6D /* SelectLibFolderAction.mm in Sources */ = {isa = PBXBuildFile; fileRef = A066D4FC1951165100F49F6D /* SelectLibFolderAction.mm */; };
		A066D57F1951165100F49F6D /* CodeEditorViewController.mm in Sources */ = {isa = PBXBuildFile; fileRef = A066D4FE1951165100F49F6D /* CodeEditorViewController.mm */; };
		A066D5801951165100F49F6D /* ImageViewerViewController.mm in Sources */ = {isa = PBXBuildFile; fileRef = A066D5011951165100F49F6D /* ImageViewerViewController.mm */; };
		A066D5811951165100F49F6D /* PathListTableViewController.mm in Sources */ = {isa = PBXBuildFile; fileRef = A066D5031951165100F49F6D /* PathListTableViewController.mm */; };
		A066D5821951165100F49F6D /* PlistViewerViewController.mm in Sources */ = {isa = PBXBuildFile; fileRef = A066D5051951165100F49F6D /* PlistViewerViewController.mm */; };
		A066D5831951165100F49F6D /* ProjectSettingsViewController.mm in Sources */ = {isa = PBXBuildFile; fileRef = A066D5071951165100F49F6D /* ProjectSettingsViewController.mm */; };
		A066D5841951165100F49F6D /* ProjectTreeViewCell.mm in Sources */ = {isa = PBXBuildFile; fileRef = A066D5091951165100F49F6D /* ProjectTreeViewCell.mm */; };
		A066D5851951165100F49F6D /* ProjectTreeViewController.mm in Sources */ = {isa = PBXBuildFile; fileRef = A066D50B1951165100F49F6D /* ProjectTreeViewController.mm */; };
		A066D5861951165100F49F6D /* DirectoryItem.mm in Sources */ = {isa = PBXBuildFile; fileRef = A066D50E1951165100F49F6D /* DirectoryItem.mm */; };
		A066D5871951165100F49F6D /* NSFilePath.mm in Sources */ = {isa = PBXBuildFile; fileRef = A066D5101951165100F49F6D /* NSFilePath.mm */; };
		A066D5881951165100F49F6D /* UIFileBrowserViewController.mm in Sources */ = {isa = PBXBuildFile; fileRef = A066D5131951165100F49F6D /* UIFileBrowserViewController.mm */; };
		A066D5891951165100F49F6D /* UIFolderViewController.mm in Sources */ = {isa = PBXBuildFile; fileRef = A066D5151951165100F49F6D /* UIFolderViewController.mm */; };
		A066D58A1951165100F49F6D /* UIGridView.mm in Sources */ = {isa = PBXBuildFile; fileRef = A066D5181951165100F49F6D /* UIGridView.mm */; };
		A066D58B1951165100F49F6D /* UIGridViewCell.mm in Sources */ = {isa = PBXBuildFile; fileRef = A066D51B1951165100F49F6D /* UIGridViewCell.mm */; };
		A066D58C1951165100F49F6D /* UITreeView.mm in Sources */ = {isa = PBXBuildFile; fileRef = A066D51F1951165100F49F6D /* UITreeView.mm */; };
		A066D58D1951165100F49F6D /* UITreeViewCell.mm in Sources */ = {isa = PBXBuildFile; fileRef = A066D5221951165100F49F6D /* UITreeViewCell.mm */; };
		A066D5901951165100F49F6D /* AppManager.cpp in Sources */ = {isa = PBXBuildFile; fileRef = A066D52A1951165100F49F6D /* AppManager.cpp */; };
		A066D5911951165100F49F6D /* Console.cpp in Sources */ = {isa = PBXBuildFile; fileRef = A066D52D1951165100F49F6D /* Console.cpp */; };
		A066D5921951165100F49F6D /* FileOperationThread.cpp in Sources */ = {isa = PBXBuildFile; fileRef = A066D52F1951165100F49F6D /* FileOperationThread.cpp */; };
		A066D5931951165100F49F6D /* FileTools.cpp in Sources */ = {isa = PBXBuildFile; fileRef = A066D5311951165100F49F6D /* FileTools.cpp */; };
		A066D5941951165100F49F6D /* NumberCodes.mm in Sources */ = {isa = PBXBuildFile; fileRef = A066D5341951165100F49F6D /* NumberCodes.mm */; };
		A066D5951951165100F49F6D /* popenRWE.cpp in Sources */ = {isa = PBXBuildFile; fileRef = A066D5351951165100F49F6D /* popenRWE.cpp */; };
		A066D5961951165100F49F6D /* SortedStringList.cpp in Sources */ = {isa = PBXBuildFile; fileRef = A066D5371951165100F49F6D /* SortedStringList.cpp */; };
		A066D5971951165100F49F6D /* String.cpp in Sources */ = {isa = PBXBuildFile; fileRef = A066D5391951165100F49F6D /* String.cpp */; };
		A066D5981951165100F49F6D /* StringTree.cpp in Sources */ = {isa = PBXBuildFile; fileRef = A066D53B1951165100F49F6D /* StringTree.cpp */; };
		A066D5991951165100F49F6D /* Subprocess.cpp in Sources */ = {isa = PBXBuildFile; fileRef = A066D53D1951165100F49F6D /* Subprocess.cpp */; };
		A066D59A1951165100F49F6D /* Thread.cpp in Sources */ = {isa = PBXBuildFile; fileRef = A066D53F1951165100F49F6D /* Thread.cpp */; };
		A066D59B1951165100F49F6D /* UIBarImageButtonItem.mm in Sources */ = {isa = PBXBuildFile; fileRef = A066D5421951165100F49F6D /* UIBarImageButtonItem.mm */; };
		A066D59C1951165100F49F6D /* UIControlLabel.mm in Sources */ = {isa = PBXBuildFile; fileRef = A066D5441951165100F49F6D /* UIControlLabel.mm */; };
		A066D59D1951165100F49F6D /* UIDictionaryTableViewCell.mm in Sources */ = {isa = PBXBuildFile; fileRef = A066D5461951165100F49F6D /* UIDictionaryTableViewCell.mm */; };
		A066D59E1951165100F49F6D /* UIImageManager.mm in Sources */ = {isa = PBXBuildFile; fileRef = A066D5481951165100F49F6D /* UIImageManager.mm */; };
		A06CBC521970F1DB000784B3 /* Syntax Definitions in Resources */ = {isa = PBXBuildFile; fileRef = A06CBC511970F1DB000784B3 /* Syntax Definitions */; };
		A08D37FD19511DD0009F1BB2 /* Default-568h@2x.png in Resources */ = {isa = PBXBuildFile; fileRef = A08D376F19511DD0009F1BB2 /* Default-568h@2x.png */; };
		A08D37FE19511DD0009F1BB2 /* Default-Portrait.png in Resources */ = {isa = PBXBuildFile; fileRef = A08D377019511DD0009F1BB2 /* Default-Portrait.png */; };
		A08D37FF19511DD0009F1BB2 /* Default@2x~iphone.png in Resources */ = {isa = PBXBuildFile; fileRef = A08D377119511DD0009F1BB2 /* Default@2x~iphone.png */; };
		A08D380019511DD0009F1BB2 /* Default~iphone.png in Resources */ = {isa = PBXBuildFile; fileRef = A08D377219511DD0009F1BB2 /* Default~iphone.png */; };
		A08D380219511DD0009F1BB2 /* installer in Resources */ = {isa = PBXBuildFile; fileRef = A08D37B919511DD0009F1BB2 /* installer */; };
		A08D380319511DD0009F1BB2 /* miniCodeInstall in Resources */ = {isa = PBXBuildFile; fileRef = A08D37BA19511DD0009F1BB2 /* miniCodeInstall */; };
		A08D380419511DD0009F1BB2 /* Project Templates in Resources */ = {isa = PBXBuildFile; fileRef = A08D37BB19511DD0009F1BB2 /* Project Templates */; };
		A08D38C0195124D6009F1BB2 /* UIWebViewController.mm in Sources */ = {isa = PBXBuildFile; fileRef = A08D38BE195124D6009F1BB2 /* UIWebViewController.mm */; };
		A0A1398319703F160061B778 /* CoreFoundation.framework in Frameworks */ = {isa = PBXBuildFile; fileRef = A0A1398219703F160061B778 /* CoreFoundation.framework */; };
		A0A139B219703F230061B778 /* CoreText.framework in Frameworks */ = {isa = PBXBuildFile; fileRef = A0A139B119703F230061B778 /* CoreText.framework */; };
		A0C0AD0F196F5D7800972CCB /* ConsoleOptionsActionSheet.mm in Sources */ = {isa = PBXBuildFile; fileRef = A0C0AD0E196F5D7800972CCB /* ConsoleOptionsActionSheet.mm */; };
		A0CB3889195489900037BE42 /* CopyAction.mm in Sources */ = {isa = PBXBuildFile; fileRef = A0CB3888195489900037BE42 /* CopyAction.mm */; };
		A0D6C8851957B6B1007A3328 /* Icon.png in Resources */ = {isa = PBXBuildFile; fileRef = A0D6C8831957B6B1007A3328 /* Icon.png */; };
		A0D6C8861957B6B1007A3328 /* Icon@2x.png in Resources */ = {isa = PBXBuildFile; fileRef = A0D6C8841957B6B1007A3328 /* Icon@2x.png */; };
		A0D6F9C3196F5F6F007A4C8B /* Images in Resources */ = {isa = PBXBuildFile; fileRef = A0D6F980196F5F6F007A4C8B /* Images */; };
		A0DD33181954CEE60000D832 /* MoveAction.mm in Sources */ = {isa = PBXBuildFile; fileRef = A0DD33171954CEE60000D832 /* MoveAction.mm */; };
		A0DF94F519635BA5002716AD /* ConsoleViewController.mm in Sources */ = {isa = PBXBuildFile; fileRef = A0DF94F419635BA5002716AD /* ConsoleViewController.mm */; };
		A0F56A2F1961EA6D000E4FF0 /* UICodeEditorView.mm in Sources */ = {isa = PBXBuildFile; fileRef = A0F56A2E1961EA6D000E4FF0 /* UICodeEditorView.mm */; };
		A0FC89CE1955F89400839646 /* CompilerWarnings.txt in Resources */ = {isa = PBXBuildFile; fileRef = A0FC89CD1955F89400839646 /* CompilerWarnings.txt */; };
/* End PBXBuildFile section */

/* Begin PBXFileReference section */
		1D30AB110D05D00D00671497 /* Foundation.framework */ = {isa = PBXFileReference; lastKnownFileType = wrapper.framework; name = Foundation.framework; path = System/Library/Frameworks/Foundation.framework; sourceTree = SDKROOT; };
		1D6058910D05DD3D006BFB54 /* miniCode.app */ = {isa = PBXFileReference; explicitFileType = wrapper.application; includeInIndex = 0; path = miniCode.app; sourceTree = BUILT_PRODUCTS_DIR; };
		1DF5F4DF0D08C38300B7A737 /* UIKit.framework */ = {isa = PBXFileReference; lastKnownFileType = wrapper.framework; name = UIKit.framework; path = System/Library/Frameworks/UIKit.framework; sourceTree = SDKROOT; };
		288765FC0DF74451002DB57D /* CoreGraphics.framework */ = {isa = PBXFileReference; lastKnownFileType = wrapper.framework; name = CoreGraphics.framework; path = System/Library/Frameworks/CoreGraphics.framework; sourceTree = SDKROOT; };
		8D1107310486CEB800E47090 /* iCode-Info.plist */ = {isa = PBXFileReference; fileEncoding = 4; lastKnownFileType = text.plist.xml; path = "iCode-Info.plist"; plistStructureDefinitionIdentifier = "com.apple.xcode.plist.structure-definition.iphone.info-plist"; sourceTree = "<group>"; };
		A01A52D519536C1C001A7AD9 /* MessageUI.framework */ = {isa = PBXFileReference; lastKnownFileType = wrapper.framework; name = MessageUI.framework; path = System/Library/Frameworks/MessageUI.framework; sourceTree = SDKROOT; };
		A01D4A271971A747001121FF /* SyntaxDefinitionManager.h */ = {isa = PBXFileReference; fileEncoding = 4; lastKnownFileType = sourcecode.c.h; path = SyntaxDefinitionManager.h; sourceTree = "<group>"; };
		A01D4A281971A747001121FF /* SyntaxDefinitionManager.mm */ = {isa = PBXFileReference; fileEncoding = 4; lastKnownFileType = sourcecode.cpp.objcpp; path = SyntaxDefinitionManager.mm; sourceTree = "<group>"; };
		A03F569C1954F6D800067BE7 /* VersionCheck.h */ = {isa = PBXFileReference; fileEncoding = 4; lastKnownFileType = sourcecode.c.h; path = VersionCheck.h; sourceTree = "<group>"; };
		A03F56B81955097000067BE7 /* NSObjectDeprecationFix.mm */ = {isa = PBXFileReference; fileEncoding = 4; lastKnownFileType = sourcecode.cpp.objcpp; path = NSObjectDeprecationFix.mm; sourceTree = "<group>"; };
		A03F56BA1955098F00067BE7 /* NSObjectDeprecationFix.h */ = {isa = PBXFileReference; fileEncoding = 4; lastKnownFileType = sourcecode.c.h; path = NSObjectDeprecationFix.h; sourceTree = "<group>"; };
		A0450BCD19608A03004BD8C8 /* UIScrollableToolbar.h */ = {isa = PBXFileReference; fileEncoding = 4; lastKnownFileType = sourcecode.c.h; path = UIScrollableToolbar.h; sourceTree = "<group>"; };
		A0450BCE19608A03004BD8C8 /* UIScrollableToolbar.mm */ = {isa = PBXFileReference; fileEncoding = 4; lastKnownFileType = sourcecode.cpp.objcpp; path = UIScrollableToolbar.mm; sourceTree = "<group>"; };
		A0450BD019608A1A004BD8C8 /* UIViewCategory.h */ = {isa = PBXFileReference; fileEncoding = 4; lastKnownFileType = sourcecode.c.h; path = UIViewCategory.h; sourceTree = "<group>"; };
		A0450BD119608A1A004BD8C8 /* UIViewCategory.mm */ = {isa = PBXFileReference; fileEncoding = 4; lastKnownFileType = sourcecode.cpp.objcpp; path = UIViewCategory.mm; sourceTree = "<group>"; };
		A0504F461959151C00611FFB /* Default-LandscapeLeft.png */ = {isa = PBXFileReference; lastKnownFileType = image.png; path = "Default-LandscapeLeft.png"; sourceTree = "<group>"; };
		A0504F471959151C00611FFB /* Default-LandscapeRight.png */ = {isa = PBXFileReference; lastKnownFileType = image.png; path = "Default-LandscapeRight.png"; sourceTree = "<group>"; };
		A0504F481959151C00611FFB /* Default-PortraitUpsideDown.png */ = {isa = PBXFileReference; lastKnownFileType = image.png; path = "Default-PortraitUpsideDown.png"; sourceTree = "<group>"; };
		A0504F561959157700611FFB /* Default-Landscape.png */ = {isa = PBXFileReference; lastKnownFileType = image.png; path = "Default-Landscape.png"; sourceTree = "<group>"; };
		A066D3E9195115F300F49F6D /* QuartzCore.framework */ = {isa = PBXFileReference; lastKnownFileType = wrapper.framework; name = QuartzCore.framework; path = System/Library/Frameworks/QuartzCore.framework; sourceTree = SDKROOT; };
		A066D48A1951165100F49F6D /* CompilerOrganizer.cpp */ = {isa = PBXFileReference; fileEncoding = 4; lastKnownFileType = sourcecode.cpp.cpp; path = CompilerOrganizer.cpp; sourceTree = "<group>"; };
		A066D48B1951165100F49F6D /* CompilerOrganizer.h */ = {isa = PBXFileReference; fileEncoding = 4; lastKnownFileType = sourcecode.c.h; path = CompilerOrganizer.h; sourceTree = "<group>"; };
		A066D48C1951165100F49F6D /* CompilerThread.cpp */ = {isa = PBXFileReference; fileEncoding = 4; lastKnownFileType = sourcecode.cpp.cpp; path = CompilerThread.cpp; sourceTree = "<group>"; };
		A066D48D1951165100F49F6D /* CompilerThread.h */ = {isa = PBXFileReference; fileEncoding = 4; lastKnownFileType = sourcecode.c.h; path = CompilerThread.h; sourceTree = "<group>"; };
		A066D48E1951165100F49F6D /* CompilerTools.cpp */ = {isa = PBXFileReference; fileEncoding = 4; lastKnownFileType = sourcecode.cpp.cpp; path = CompilerTools.cpp; sourceTree = "<group>"; };
		A066D48F1951165100F49F6D /* CompilerTools.h */ = {isa = PBXFileReference; fileEncoding = 4; lastKnownFileType = sourcecode.c.h; path = CompilerTools.h; sourceTree = "<group>"; };
		A066D4901951165100F49F6D /* CopyResourcesThread.cpp */ = {isa = PBXFileReference; fileEncoding = 4; lastKnownFileType = sourcecode.cpp.cpp; path = CopyResourcesThread.cpp; sourceTree = "<group>"; };
		A066D4911951165100F49F6D /* CopyResourcesThread.h */ = {isa = PBXFileReference; fileEncoding = 4; lastKnownFileType = sourcecode.c.h; path = CopyResourcesThread.h; sourceTree = "<group>"; };
		A066D4921951165100F49F6D /* InstallThread.cpp */ = {isa = PBXFileReference; fileEncoding = 4; lastKnownFileType = sourcecode.cpp.cpp; path = InstallThread.cpp; sourceTree = "<group>"; };
		A066D4931951165100F49F6D /* InstallThread.h */ = {isa = PBXFileReference; fileEncoding = 4; lastKnownFileType = sourcecode.c.h; path = InstallThread.h; sourceTree = "<group>"; };
		A066D4951951165100F49F6D /* BuildOptionsActionSheet.h */ = {isa = PBXFileReference; fileEncoding = 4; lastKnownFileType = sourcecode.c.h; path = BuildOptionsActionSheet.h; sourceTree = "<group>"; };
		A066D4961951165100F49F6D /* BuildOptionsActionSheet.mm */ = {isa = PBXFileReference; fileEncoding = 4; lastKnownFileType = sourcecode.cpp.objcpp; path = BuildOptionsActionSheet.mm; sourceTree = "<group>"; };
		A066D4971951165100F49F6D /* CompileErrorViewController.h */ = {isa = PBXFileReference; fileEncoding = 4; lastKnownFileType = sourcecode.c.h; path = CompileErrorViewController.h; sourceTree = "<group>"; };
		A066D4981951165100F49F6D /* CompileErrorViewController.mm */ = {isa = PBXFileReference; fileEncoding = 4; lastKnownFileType = sourcecode.cpp.objcpp; path = CompileErrorViewController.mm; sourceTree = "<group>"; };
		A066D4991951165100F49F6D /* CompilerViewController.h */ = {isa = PBXFileReference; fileEncoding = 4; lastKnownFileType = sourcecode.c.h; path = CompilerViewController.h; sourceTree = "<group>"; };
		A066D49A1951165100F49F6D /* CompilerViewController.mm */ = {isa = PBXFileReference; fileEncoding = 4; lastKnownFileType = sourcecode.cpp.objcpp; path = CompilerViewController.mm; sourceTree = "<group>"; };
		A066D49C1951165100F49F6D /* DDAlertPrompt.h */ = {isa = PBXFileReference; fileEncoding = 4; lastKnownFileType = sourcecode.c.h; path = DDAlertPrompt.h; sourceTree = "<group>"; };
		A066D49D1951165100F49F6D /* DDAlertPrompt.mm */ = {isa = PBXFileReference; fileEncoding = 4; lastKnownFileType = sourcecode.cpp.objcpp; path = DDAlertPrompt.mm; sourceTree = "<group>"; };
		A066D49F1951165100F49F6D /* UIColorDeprecationFix.mm */ = {isa = PBXFileReference; fileEncoding = 4; lastKnownFileType = sourcecode.cpp.objcpp; path = UIColorDeprecationFix.mm; sourceTree = "<group>"; };
		A066D4A01951165100F49F6D /* UIViewControllerDeprecationFix.mm */ = {isa = PBXFileReference; fileEncoding = 4; lastKnownFileType = sourcecode.cpp.objcpp; path = UIViewControllerDeprecationFix.mm; sourceTree = "<group>"; };
		A066D4A21951165100F49F6D /* HomescreenViewController.h */ = {isa = PBXFileReference; fileEncoding = 4; lastKnownFileType = sourcecode.c.h; path = HomescreenViewController.h; sourceTree = "<group>"; };
		A066D4A31951165100F49F6D /* HomescreenViewController.mm */ = {isa = PBXFileReference; fileEncoding = 4; lastKnownFileType = sourcecode.cpp.objcpp; path = HomescreenViewController.mm; sourceTree = "<group>"; };
		A066D4A41951165100F49F6D /* iCodeAppDelegate.h */ = {isa = PBXFileReference; fileEncoding = 4; lastKnownFileType = sourcecode.c.h; path = iCodeAppDelegate.h; sourceTree = "<group>"; };
		A066D4A51951165100F49F6D /* iCodeAppDelegate.mm */ = {isa = PBXFileReference; fileEncoding = 4; lastKnownFileType = sourcecode.cpp.objcpp; path = iCodeAppDelegate.mm; sourceTree = "<group>"; };
		A066D4A71951165100F49F6D /* IconManager.h */ = {isa = PBXFileReference; fileEncoding = 4; lastKnownFileType = sourcecode.c.h; path = IconManager.h; sourceTree = "<group>"; };
		A066D4A81951165100F49F6D /* IconManager.mm */ = {isa = PBXFileReference; fileEncoding = 4; lastKnownFileType = sourcecode.cpp.objcpp; path = IconManager.mm; sourceTree = "<group>"; };
		A066D4AA1951165100F49F6D /* LGViewHUD.h */ = {isa = PBXFileReference; fileEncoding = 4; lastKnownFileType = sourcecode.c.h; path = LGViewHUD.h; sourceTree = "<group>"; };
		A066D4AB1951165100F49F6D /* LGViewHUD.m */ = {isa = PBXFileReference; fileEncoding = 4; lastKnownFileType = sourcecode.c.objc; path = LGViewHUD.m; sourceTree = "<group>"; };
		A066D4AC1951165100F49F6D /* main.mm */ = {isa = PBXFileReference; fileEncoding = 4; lastKnownFileType = sourcecode.cpp.objcpp; path = main.mm; sourceTree = "<group>"; };
		A066D4AE1951165100F49F6D /* NavigatedViewController.h */ = {isa = PBXFileReference; fileEncoding = 4; lastKnownFileType = sourcecode.c.h; path = NavigatedViewController.h; sourceTree = "<group>"; };
		A066D4AF1951165100F49F6D /* NavigatedViewController.mm */ = {isa = PBXFileReference; fileEncoding = 4; lastKnownFileType = sourcecode.cpp.objcpp; path = NavigatedViewController.mm; sourceTree = "<group>"; };
		A066D4B01951165100F49F6D /* UINavigator.h */ = {isa = PBXFileReference; fileEncoding = 4; lastKnownFileType = sourcecode.c.h; path = UINavigator.h; sourceTree = "<group>"; };
		A066D4B11951165100F49F6D /* UINavigator.mm */ = {isa = PBXFileReference; fileEncoding = 4; lastKnownFileType = sourcecode.cpp.objcpp; path = UINavigator.mm; sourceTree = "<group>"; };
		A066D4B31951165100F49F6D /* ObjCBridge.cpp */ = {isa = PBXFileReference; fileEncoding = 4; lastKnownFileType = sourcecode.cpp.cpp; path = ObjCBridge.cpp; sourceTree = "<group>"; };
		A066D4B41951165100F49F6D /* ObjCBridge.h */ = {isa = PBXFileReference; fileEncoding = 4; lastKnownFileType = sourcecode.c.h; path = ObjCBridge.h; sourceTree = "<group>"; };
		A066D4B51951165100F49F6D /* ObjCBridge.mm */ = {isa = PBXFileReference; fileEncoding = 4; lastKnownFileType = sourcecode.cpp.objcpp; path = ObjCBridge.mm; sourceTree = "<group>"; };
		A066D4B71951165100F49F6D /* AppManagerViewController.h */ = {isa = PBXFileReference; fileEncoding = 4; lastKnownFileType = sourcecode.c.h; path = AppManagerViewController.h; sourceTree = "<group>"; };
		A066D4B81951165100F49F6D /* AppManagerViewController.mm */ = {isa = PBXFileReference; fileEncoding = 4; lastKnownFileType = sourcecode.cpp.objcpp; path = AppManagerViewController.mm; sourceTree = "<group>"; };
		A066D4B91951165100F49F6D /* FontSelectorViewController.h */ = {isa = PBXFileReference; fileEncoding = 4; lastKnownFileType = sourcecode.c.h; path = FontSelectorViewController.h; sourceTree = "<group>"; };
		A066D4BA1951165100F49F6D /* FontSelectorViewController.mm */ = {isa = PBXFileReference; fileEncoding = 4; lastKnownFileType = sourcecode.cpp.objcpp; path = FontSelectorViewController.mm; sourceTree = "<group>"; };
		A066D4BB1951165100F49F6D /* FontSizePreviewViewController.h */ = {isa = PBXFileReference; fileEncoding = 4; lastKnownFileType = sourcecode.c.h; path = FontSizePreviewViewController.h; sourceTree = "<group>"; };
		A066D4BC1951165100F49F6D /* FontSizePreviewViewController.mm */ = {isa = PBXFileReference; fileEncoding = 4; lastKnownFileType = sourcecode.cpp.objcpp; path = FontSizePreviewViewController.mm; sourceTree = "<group>"; };
		A066D4BD1951165100F49F6D /* GlobalPreferences.cpp */ = {isa = PBXFileReference; fileEncoding = 4; lastKnownFileType = sourcecode.cpp.cpp; path = GlobalPreferences.cpp; sourceTree = "<group>"; };
		A066D4BE1951165100F49F6D /* GlobalPreferences.h */ = {isa = PBXFileReference; fileEncoding = 4; lastKnownFileType = sourcecode.c.h; path = GlobalPreferences.h; sourceTree = "<group>"; };
		A066D4BF1951165100F49F6D /* PreferencesViewController.h */ = {isa = PBXFileReference; fileEncoding = 4; lastKnownFileType = sourcecode.c.h; path = PreferencesViewController.h; sourceTree = "<group>"; };
		A066D4C01951165100F49F6D /* PreferencesViewController.mm */ = {isa = PBXFileReference; fileEncoding = 4; lastKnownFileType = sourcecode.cpp.objcpp; path = PreferencesViewController.mm; sourceTree = "<group>"; };
		A066D4C21951165100F49F6D /* ProjectBuildInfo.cpp */ = {isa = PBXFileReference; fileEncoding = 4; lastKnownFileType = sourcecode.cpp.cpp; path = ProjectBuildInfo.cpp; sourceTree = "<group>"; };
		A066D4C31951165100F49F6D /* ProjectBuildInfo.h */ = {isa = PBXFileReference; fileEncoding = 4; lastKnownFileType = sourcecode.c.h; path = ProjectBuildInfo.h; sourceTree = "<group>"; };
		A066D4C41951165100F49F6D /* ProjectData.cpp */ = {isa = PBXFileReference; fileEncoding = 4; lastKnownFileType = sourcecode.cpp.cpp; path = ProjectData.cpp; sourceTree = "<group>"; };
		A066D4C51951165100F49F6D /* ProjectData.h */ = {isa = PBXFileReference; fileEncoding = 4; lastKnownFileType = sourcecode.c.h; path = ProjectData.h; sourceTree = "<group>"; };
		A066D4C61951165100F49F6D /* ProjectSettings.cpp */ = {isa = PBXFileReference; fileEncoding = 4; lastKnownFileType = sourcecode.cpp.cpp; path = ProjectSettings.cpp; sourceTree = "<group>"; };
		A066D4C71951165100F49F6D /* ProjectSettings.h */ = {isa = PBXFileReference; fileEncoding = 4; lastKnownFileType = sourcecode.c.h; path = ProjectSettings.h; sourceTree = "<group>"; };
		A066D4C91951165100F49F6D /* CreateProjectViewController.h */ = {isa = PBXFileReference; fileEncoding = 4; lastKnownFileType = sourcecode.c.h; path = CreateProjectViewController.h; sourceTree = "<group>"; };
		A066D4CA1951165100F49F6D /* CreateProjectViewController.mm */ = {isa = PBXFileReference; fileEncoding = 4; lastKnownFileType = sourcecode.cpp.objcpp; path = CreateProjectViewController.mm; sourceTree = "<group>"; };
		A066D4CB1951165100F49F6D /* LoadProjectViewController.h */ = {isa = PBXFileReference; fileEncoding = 4; lastKnownFileType = sourcecode.c.h; path = LoadProjectViewController.h; sourceTree = "<group>"; };
		A066D4CC1951165100F49F6D /* LoadProjectViewController.mm */ = {isa = PBXFileReference; fileEncoding = 4; lastKnownFileType = sourcecode.cpp.objcpp; path = LoadProjectViewController.mm; sourceTree = "<group>"; };
		A066D4CD1951165100F49F6D /* ProjLoadTools.cpp */ = {isa = PBXFileReference; fileEncoding = 4; lastKnownFileType = sourcecode.cpp.cpp; path = ProjLoadTools.cpp; sourceTree = "<group>"; };
		A066D4CE1951165100F49F6D /* ProjLoadTools.h */ = {isa = PBXFileReference; fileEncoding = 4; lastKnownFileType = sourcecode.c.h; path = ProjLoadTools.h; sourceTree = "<group>"; };
		A066D4CF1951165100F49F6D /* ProjLoadTools.mm */ = {isa = PBXFileReference; fileEncoding = 4; lastKnownFileType = sourcecode.cpp.objcpp; path = ProjLoadTools.mm; sourceTree = "<group>"; };
		A066D4D01951165100F49F6D /* SelectTemplateCategoryViewController.h */ = {isa = PBXFileReference; fileEncoding = 4; lastKnownFileType = sourcecode.c.h; path = SelectTemplateCategoryViewController.h; sourceTree = "<group>"; };
		A066D4D11951165100F49F6D /* SelectTemplateCategoryViewController.mm */ = {isa = PBXFileReference; fileEncoding = 4; lastKnownFileType = sourcecode.cpp.objcpp; path = SelectTemplateCategoryViewController.mm; sourceTree = "<group>"; };
		A066D4D21951165100F49F6D /* TemplateGridViewController.h */ = {isa = PBXFileReference; fileEncoding = 4; lastKnownFileType = sourcecode.c.h; path = TemplateGridViewController.h; sourceTree = "<group>"; };
		A066D4D31951165100F49F6D /* TemplateGridViewController.mm */ = {isa = PBXFileReference; fileEncoding = 4; lastKnownFileType = sourcecode.cpp.objcpp; path = TemplateGridViewController.mm; sourceTree = "<group>"; };
		A066D4D41951165100F49F6D /* TemplateInfoViewController.h */ = {isa = PBXFileReference; fileEncoding = 4; lastKnownFileType = sourcecode.c.h; path = TemplateInfoViewController.h; sourceTree = "<group>"; };
		A066D4D51951165100F49F6D /* TemplateInfoViewController.mm */ = {isa = PBXFileReference; fileEncoding = 4; lastKnownFileType = sourcecode.cpp.objcpp; path = TemplateInfoViewController.mm; sourceTree = "<group>"; };
		A066D4D81951165100F49F6D /* AddFrameworkAction.h */ = {isa = PBXFileReference; fileEncoding = 4; lastKnownFileType = sourcecode.c.h; path = AddFrameworkAction.h; sourceTree = "<group>"; };
		A066D4D91951165100F49F6D /* AddFrameworkAction.mm */ = {isa = PBXFileReference; fileEncoding = 4; lastKnownFileType = sourcecode.cpp.objcpp; path = AddFrameworkAction.mm; sourceTree = "<group>"; };
		A066D4DA1951165100F49F6D /* CellHoldAction.h */ = {isa = PBXFileReference; fileEncoding = 4; lastKnownFileType = sourcecode.c.h; path = CellHoldAction.h; sourceTree = "<group>"; };
		A066D4DB1951165100F49F6D /* CellHoldAction.mm */ = {isa = PBXFileReference; fileEncoding = 4; lastKnownFileType = sourcecode.cpp.objcpp; path = CellHoldAction.mm; sourceTree = "<group>"; };
		A066D4DC1951165100F49F6D /* CreateFileAction.h */ = {isa = PBXFileReference; fileEncoding = 4; lastKnownFileType = sourcecode.c.h; path = CreateFileAction.h; sourceTree = "<group>"; };
		A066D4DD1951165100F49F6D /* CreateFileAction.mm */ = {isa = PBXFileReference; fileEncoding = 4; lastKnownFileType = sourcecode.cpp.objcpp; path = CreateFileAction.mm; sourceTree = "<group>"; };
		A066D4DE1951165100F49F6D /* CreateFolderAction.h */ = {isa = PBXFileReference; fileEncoding = 4; lastKnownFileType = sourcecode.c.h; path = CreateFolderAction.h; sourceTree = "<group>"; };
		A066D4DF1951165100F49F6D /* CreateFolderAction.mm */ = {isa = PBXFileReference; fileEncoding = 4; lastKnownFileType = sourcecode.cpp.objcpp; path = CreateFolderAction.mm; sourceTree = "<group>"; };
		A066D4E01951165100F49F6D /* DeleteAction.h */ = {isa = PBXFileReference; fileEncoding = 4; lastKnownFileType = sourcecode.c.h; path = DeleteAction.h; sourceTree = "<group>"; };
		A066D4E11951165100F49F6D /* DeleteAction.mm */ = {isa = PBXFileReference; fileEncoding = 4; lastKnownFileType = sourcecode.cpp.objcpp; path = DeleteAction.mm; sourceTree = "<group>"; };
		A066D4E21951165100F49F6D /* EditExternalLibrariesAction.h */ = {isa = PBXFileReference; fileEncoding = 4; lastKnownFileType = sourcecode.c.h; path = EditExternalLibrariesAction.h; sourceTree = "<group>"; };
		A066D4E31951165100F49F6D /* EditExternalLibrariesAction.mm */ = {isa = PBXFileReference; fileEncoding = 4; lastKnownFileType = sourcecode.cpp.objcpp; path = EditExternalLibrariesAction.mm; sourceTree = "<group>"; };
		A066D4E41951165100F49F6D /* EditIncludeFoldersAction.h */ = {isa = PBXFileReference; fileEncoding = 4; lastKnownFileType = sourcecode.c.h; path = EditIncludeFoldersAction.h; sourceTree = "<group>"; };
		A066D4E51951165100F49F6D /* EditIncludeFoldersAction.mm */ = {isa = PBXFileReference; fileEncoding = 4; lastKnownFileType = sourcecode.cpp.objcpp; path = EditIncludeFoldersAction.mm; sourceTree = "<group>"; };
		A066D4E61951165100F49F6D /* EditLibFoldersAction.h */ = {isa = PBXFileReference; fileEncoding = 4; lastKnownFileType = sourcecode.c.h; path = EditLibFoldersAction.h; sourceTree = "<group>"; };
		A066D4E71951165100F49F6D /* EditLibFoldersAction.mm */ = {isa = PBXFileReference; fileEncoding = 4; lastKnownFileType = sourcecode.cpp.objcpp; path = EditLibFoldersAction.mm; sourceTree = "<group>"; };
		A066D4E81951165100F49F6D /* FileBrowserAction.h */ = {isa = PBXFileReference; fileEncoding = 4; lastKnownFileType = sourcecode.c.h; path = FileBrowserAction.h; sourceTree = "<group>"; };
		A066D4E91951165100F49F6D /* FileBrowserAction.mm */ = {isa = PBXFileReference; fileEncoding = 4; lastKnownFileType = sourcecode.cpp.objcpp; path = FileBrowserAction.mm; sourceTree = "<group>"; };
		A066D4EA1951165100F49F6D /* ImportExternalLibraryAction.h */ = {isa = PBXFileReference; fileEncoding = 4; lastKnownFileType = sourcecode.c.h; path = ImportExternalLibraryAction.h; sourceTree = "<group>"; };
		A066D4EB1951165100F49F6D /* ImportExternalLibraryAction.mm */ = {isa = PBXFileReference; fileEncoding = 4; lastKnownFileType = sourcecode.cpp.objcpp; path = ImportExternalLibraryAction.mm; sourceTree = "<group>"; };
		A066D4EC1951165100F49F6D /* ImportFileAction.h */ = {isa = PBXFileReference; fileEncoding = 4; lastKnownFileType = sourcecode.c.h; path = ImportFileAction.h; sourceTree = "<group>"; };
		A066D4ED1951165100F49F6D /* ImportFileAction.mm */ = {isa = PBXFileReference; fileEncoding = 4; lastKnownFileType = sourcecode.cpp.objcpp; path = ImportFileAction.mm; sourceTree = "<group>"; };
		A066D4EE1951165100F49F6D /* ImportFolderAction.h */ = {isa = PBXFileReference; fileEncoding = 4; lastKnownFileType = sourcecode.c.h; path = ImportFolderAction.h; sourceTree = "<group>"; };
		A066D4EF1951165100F49F6D /* ImportFolderAction.mm */ = {isa = PBXFileReference; fileEncoding = 4; lastKnownFileType = sourcecode.cpp.objcpp; path = ImportFolderAction.mm; sourceTree = "<group>"; };
		A066D4F01951165100F49F6D /* LinkIncludeFolderAction.h */ = {isa = PBXFileReference; fileEncoding = 4; lastKnownFileType = sourcecode.c.h; path = LinkIncludeFolderAction.h; sourceTree = "<group>"; };
		A066D4F11951165100F49F6D /* LinkIncludeFolderAction.mm */ = {isa = PBXFileReference; fileEncoding = 4; lastKnownFileType = sourcecode.cpp.objcpp; path = LinkIncludeFolderAction.mm; sourceTree = "<group>"; };
		A066D4F21951165100F49F6D /* LinkLibFolderAction.h */ = {isa = PBXFileReference; fileEncoding = 4; lastKnownFileType = sourcecode.c.h; path = LinkLibFolderAction.h; sourceTree = "<group>"; };
		A066D4F31951165100F49F6D /* LinkLibFolderAction.mm */ = {isa = PBXFileReference; fileEncoding = 4; lastKnownFileType = sourcecode.cpp.objcpp; path = LinkLibFolderAction.mm; sourceTree = "<group>"; };
		A066D4F41951165100F49F6D /* PathListAction.h */ = {isa = PBXFileReference; fileEncoding = 4; lastKnownFileType = sourcecode.c.h; path = PathListAction.h; sourceTree = "<group>"; };
		A066D4F51951165100F49F6D /* PathListAction.mm */ = {isa = PBXFileReference; fileEncoding = 4; lastKnownFileType = sourcecode.cpp.objcpp; path = PathListAction.mm; sourceTree = "<group>"; };
		A066D4F61951165100F49F6D /* ProjectTreeViewController+CellHoldAction.h */ = {isa = PBXFileReference; fileEncoding = 4; lastKnownFileType = sourcecode.c.h; path = "ProjectTreeViewController+CellHoldAction.h"; sourceTree = "<group>"; };
		A066D4F71951165100F49F6D /* RenameAction.h */ = {isa = PBXFileReference; fileEncoding = 4; lastKnownFileType = sourcecode.c.h; path = RenameAction.h; sourceTree = "<group>"; };
		A066D4F81951165100F49F6D /* RenameAction.mm */ = {isa = PBXFileReference; fileEncoding = 4; lastKnownFileType = sourcecode.cpp.objcpp; path = RenameAction.mm; sourceTree = "<group>"; };
		A066D4F91951165100F49F6D /* SelectIncludeFolderAction.h */ = {isa = PBXFileReference; fileEncoding = 4; lastKnownFileType = sourcecode.c.h; path = SelectIncludeFolderAction.h; sourceTree = "<group>"; };
		A066D4FA1951165100F49F6D /* SelectIncludeFolderAction.mm */ = {isa = PBXFileReference; fileEncoding = 4; lastKnownFileType = sourcecode.cpp.objcpp; path = SelectIncludeFolderAction.mm; sourceTree = "<group>"; };
		A066D4FB1951165100F49F6D /* SelectLibFolderAction.h */ = {isa = PBXFileReference; fileEncoding = 4; lastKnownFileType = sourcecode.c.h; path = SelectLibFolderAction.h; sourceTree = "<group>"; };
		A066D4FC1951165100F49F6D /* SelectLibFolderAction.mm */ = {isa = PBXFileReference; fileEncoding = 4; lastKnownFileType = sourcecode.cpp.objcpp; path = SelectLibFolderAction.mm; sourceTree = "<group>"; };
		A066D4FD1951165100F49F6D /* CodeEditorViewController.h */ = {isa = PBXFileReference; fileEncoding = 4; lastKnownFileType = sourcecode.c.h; path = CodeEditorViewController.h; sourceTree = "<group>"; };
		A066D4FE1951165100F49F6D /* CodeEditorViewController.mm */ = {isa = PBXFileReference; fileEncoding = 4; lastKnownFileType = sourcecode.cpp.objcpp; path = CodeEditorViewController.mm; sourceTree = "<group>"; };
		A066D4FF1951165100F49F6D /* FileEditorDelegate.h */ = {isa = PBXFileReference; fileEncoding = 4; lastKnownFileType = sourcecode.c.h; path = FileEditorDelegate.h; sourceTree = "<group>"; };
		A066D5001951165100F49F6D /* ImageViewerViewController.h */ = {isa = PBXFileReference; fileEncoding = 4; lastKnownFileType = sourcecode.c.h; path = ImageViewerViewController.h; sourceTree = "<group>"; };
		A066D5011951165100F49F6D /* ImageViewerViewController.mm */ = {isa = PBXFileReference; fileEncoding = 4; lastKnownFileType = sourcecode.cpp.objcpp; path = ImageViewerViewController.mm; sourceTree = "<group>"; };
		A066D5021951165100F49F6D /* PathListTableViewController.h */ = {isa = PBXFileReference; fileEncoding = 4; lastKnownFileType = sourcecode.c.h; path = PathListTableViewController.h; sourceTree = "<group>"; };
		A066D5031951165100F49F6D /* PathListTableViewController.mm */ = {isa = PBXFileReference; fileEncoding = 4; lastKnownFileType = sourcecode.cpp.objcpp; path = PathListTableViewController.mm; sourceTree = "<group>"; };
		A066D5041951165100F49F6D /* PlistViewerViewController.h */ = {isa = PBXFileReference; fileEncoding = 4; lastKnownFileType = sourcecode.c.h; path = PlistViewerViewController.h; sourceTree = "<group>"; };
		A066D5051951165100F49F6D /* PlistViewerViewController.mm */ = {isa = PBXFileReference; fileEncoding = 4; lastKnownFileType = sourcecode.cpp.objcpp; path = PlistViewerViewController.mm; sourceTree = "<group>"; };
		A066D5061951165100F49F6D /* ProjectSettingsViewController.h */ = {isa = PBXFileReference; fileEncoding = 4; lastKnownFileType = sourcecode.c.h; path = ProjectSettingsViewController.h; sourceTree = "<group>"; };
		A066D5071951165100F49F6D /* ProjectSettingsViewController.mm */ = {isa = PBXFileReference; fileEncoding = 4; lastKnownFileType = sourcecode.cpp.objcpp; path = ProjectSettingsViewController.mm; sourceTree = "<group>"; };
		A066D5081951165100F49F6D /* ProjectTreeViewCell.h */ = {isa = PBXFileReference; fileEncoding = 4; lastKnownFileType = sourcecode.c.h; path = ProjectTreeViewCell.h; sourceTree = "<group>"; };
		A066D5091951165100F49F6D /* ProjectTreeViewCell.mm */ = {isa = PBXFileReference; fileEncoding = 4; lastKnownFileType = sourcecode.cpp.objcpp; path = ProjectTreeViewCell.mm; sourceTree = "<group>"; };
		A066D50A1951165100F49F6D /* ProjectTreeViewController.h */ = {isa = PBXFileReference; fileEncoding = 4; lastKnownFileType = sourcecode.c.h; path = ProjectTreeViewController.h; sourceTree = "<group>"; };
		A066D50B1951165100F49F6D /* ProjectTreeViewController.mm */ = {isa = PBXFileReference; fileEncoding = 4; lastKnownFileType = sourcecode.cpp.objcpp; path = ProjectTreeViewController.mm; sourceTree = "<group>"; };
		A066D50D1951165100F49F6D /* DirectoryItem.h */ = {isa = PBXFileReference; fileEncoding = 4; lastKnownFileType = sourcecode.c.h; path = DirectoryItem.h; sourceTree = "<group>"; };
		A066D50E1951165100F49F6D /* DirectoryItem.mm */ = {isa = PBXFileReference; fileEncoding = 4; lastKnownFileType = sourcecode.cpp.objcpp; path = DirectoryItem.mm; sourceTree = "<group>"; };
		A066D50F1951165100F49F6D /* NSFilePath.h */ = {isa = PBXFileReference; fileEncoding = 4; lastKnownFileType = sourcecode.c.h; path = NSFilePath.h; sourceTree = "<group>"; };
		A066D5101951165100F49F6D /* NSFilePath.mm */ = {isa = PBXFileReference; fileEncoding = 4; lastKnownFileType = sourcecode.cpp.objcpp; path = NSFilePath.mm; sourceTree = "<group>"; };
		A066D5111951165100F49F6D /* UIFileBrowserDelegate.h */ = {isa = PBXFileReference; fileEncoding = 4; lastKnownFileType = sourcecode.c.h; path = UIFileBrowserDelegate.h; sourceTree = "<group>"; };
		A066D5121951165100F49F6D /* UIFileBrowserViewController.h */ = {isa = PBXFileReference; fileEncoding = 4; lastKnownFileType = sourcecode.c.h; path = UIFileBrowserViewController.h; sourceTree = "<group>"; };
		A066D5131951165100F49F6D /* UIFileBrowserViewController.mm */ = {isa = PBXFileReference; fileEncoding = 4; lastKnownFileType = sourcecode.cpp.objcpp; path = UIFileBrowserViewController.mm; sourceTree = "<group>"; };
		A066D5141951165100F49F6D /* UIFolderViewController.h */ = {isa = PBXFileReference; fileEncoding = 4; lastKnownFileType = sourcecode.c.h; path = UIFolderViewController.h; sourceTree = "<group>"; };
		A066D5151951165100F49F6D /* UIFolderViewController.mm */ = {isa = PBXFileReference; fileEncoding = 4; lastKnownFileType = sourcecode.cpp.objcpp; path = UIFolderViewController.mm; sourceTree = "<group>"; };
		A066D5171951165100F49F6D /* UIGridView.h */ = {isa = PBXFileReference; fileEncoding = 4; lastKnownFileType = sourcecode.c.h; path = UIGridView.h; sourceTree = "<group>"; };
		A066D5181951165100F49F6D /* UIGridView.mm */ = {isa = PBXFileReference; fileEncoding = 4; lastKnownFileType = sourcecode.cpp.objcpp; path = UIGridView.mm; sourceTree = "<group>"; };
		A066D5191951165100F49F6D /* UIGridViewCell+UIGridView.h */ = {isa = PBXFileReference; fileEncoding = 4; lastKnownFileType = sourcecode.c.h; path = "UIGridViewCell+UIGridView.h"; sourceTree = "<group>"; };
		A066D51A1951165100F49F6D /* UIGridViewCell.h */ = {isa = PBXFileReference; fileEncoding = 4; lastKnownFileType = sourcecode.c.h; path = UIGridViewCell.h; sourceTree = "<group>"; };
		A066D51B1951165100F49F6D /* UIGridViewCell.mm */ = {isa = PBXFileReference; fileEncoding = 4; lastKnownFileType = sourcecode.cpp.objcpp; path = UIGridViewCell.mm; sourceTree = "<group>"; };
		A066D51C1951165100F49F6D /* UIGridViewDelegate.h */ = {isa = PBXFileReference; fileEncoding = 4; lastKnownFileType = sourcecode.c.h; path = UIGridViewDelegate.h; sourceTree = "<group>"; };
		A066D51E1951165100F49F6D /* UITreeView.h */ = {isa = PBXFileReference; fileEncoding = 4; lastKnownFileType = sourcecode.c.h; path = UITreeView.h; sourceTree = "<group>"; };
		A066D51F1951165100F49F6D /* UITreeView.mm */ = {isa = PBXFileReference; fileEncoding = 4; lastKnownFileType = sourcecode.cpp.objcpp; path = UITreeView.mm; sourceTree = "<group>"; };
		A066D5201951165100F49F6D /* UITreeViewCell+UITreeView.h */ = {isa = PBXFileReference; fileEncoding = 4; lastKnownFileType = sourcecode.c.h; path = "UITreeViewCell+UITreeView.h"; sourceTree = "<group>"; };
		A066D5211951165100F49F6D /* UITreeViewCell.h */ = {isa = PBXFileReference; fileEncoding = 4; lastKnownFileType = sourcecode.c.h; path = UITreeViewCell.h; sourceTree = "<group>"; };
		A066D5221951165100F49F6D /* UITreeViewCell.mm */ = {isa = PBXFileReference; fileEncoding = 4; lastKnownFileType = sourcecode.cpp.objcpp; path = UITreeViewCell.mm; sourceTree = "<group>"; };
		A066D5231951165100F49F6D /* UITreeViewDelegate.h */ = {isa = PBXFileReference; fileEncoding = 4; lastKnownFileType = sourcecode.c.h; path = UITreeViewDelegate.h; sourceTree = "<group>"; };
		A066D52A1951165100F49F6D /* AppManager.cpp */ = {isa = PBXFileReference; fileEncoding = 4; lastKnownFileType = sourcecode.cpp.cpp; path = AppManager.cpp; sourceTree = "<group>"; };
		A066D52B1951165100F49F6D /* AppManager.h */ = {isa = PBXFileReference; fileEncoding = 4; lastKnownFileType = sourcecode.c.h; path = AppManager.h; sourceTree = "<group>"; };
		A066D52C1951165100F49F6D /* ArrayList.h */ = {isa = PBXFileReference; fileEncoding = 4; lastKnownFileType = sourcecode.c.h; path = ArrayList.h; sourceTree = "<group>"; };
		A066D52D1951165100F49F6D /* Console.cpp */ = {isa = PBXFileReference; fileEncoding = 4; lastKnownFileType = sourcecode.cpp.cpp; path = Console.cpp; sourceTree = "<group>"; };
		A066D52E1951165100F49F6D /* Console.h */ = {isa = PBXFileReference; fileEncoding = 4; lastKnownFileType = sourcecode.c.h; path = Console.h; sourceTree = "<group>"; };
		A066D52F1951165100F49F6D /* FileOperationThread.cpp */ = {isa = PBXFileReference; fileEncoding = 4; lastKnownFileType = sourcecode.cpp.cpp; path = FileOperationThread.cpp; sourceTree = "<group>"; };
		A066D5301951165100F49F6D /* FileOperationThread.h */ = {isa = PBXFileReference; fileEncoding = 4; lastKnownFileType = sourcecode.c.h; path = FileOperationThread.h; sourceTree = "<group>"; };
		A066D5311951165100F49F6D /* FileTools.cpp */ = {isa = PBXFileReference; fileEncoding = 4; lastKnownFileType = sourcecode.cpp.cpp; path = FileTools.cpp; sourceTree = "<group>"; };
		A066D5321951165100F49F6D /* FileTools.h */ = {isa = PBXFileReference; fileEncoding = 4; lastKnownFileType = sourcecode.c.h; path = FileTools.h; sourceTree = "<group>"; };
		A066D5331951165100F49F6D /* NumberCodes.h */ = {isa = PBXFileReference; fileEncoding = 4; lastKnownFileType = sourcecode.c.h; path = NumberCodes.h; sourceTree = "<group>"; };
		A066D5341951165100F49F6D /* NumberCodes.mm */ = {isa = PBXFileReference; fileEncoding = 4; lastKnownFileType = sourcecode.cpp.objcpp; path = NumberCodes.mm; sourceTree = "<group>"; };
		A066D5351951165100F49F6D /* popenRWE.cpp */ = {isa = PBXFileReference; fileEncoding = 4; lastKnownFileType = sourcecode.cpp.cpp; path = popenRWE.cpp; sourceTree = "<group>"; };
		A066D5361951165100F49F6D /* popenRWE.h */ = {isa = PBXFileReference; fileEncoding = 4; lastKnownFileType = sourcecode.c.h; path = popenRWE.h; sourceTree = "<group>"; };
		A066D5371951165100F49F6D /* SortedStringList.cpp */ = {isa = PBXFileReference; fileEncoding = 4; lastKnownFileType = sourcecode.cpp.cpp; path = SortedStringList.cpp; sourceTree = "<group>"; };
		A066D5381951165100F49F6D /* SortedStringList.h */ = {isa = PBXFileReference; fileEncoding = 4; lastKnownFileType = sourcecode.c.h; path = SortedStringList.h; sourceTree = "<group>"; };
		A066D5391951165100F49F6D /* String.cpp */ = {isa = PBXFileReference; fileEncoding = 4; lastKnownFileType = sourcecode.cpp.cpp; path = String.cpp; sourceTree = "<group>"; };
		A066D53A1951165100F49F6D /* String.h */ = {isa = PBXFileReference; fileEncoding = 4; lastKnownFileType = sourcecode.c.h; path = String.h; sourceTree = "<group>"; };
		A066D53B1951165100F49F6D /* StringTree.cpp */ = {isa = PBXFileReference; fileEncoding = 4; lastKnownFileType = sourcecode.cpp.cpp; path = StringTree.cpp; sourceTree = "<group>"; };
		A066D53C1951165100F49F6D /* StringTree.h */ = {isa = PBXFileReference; fileEncoding = 4; lastKnownFileType = sourcecode.c.h; path = StringTree.h; sourceTree = "<group>"; };
		A066D53D1951165100F49F6D /* Subprocess.cpp */ = {isa = PBXFileReference; fileEncoding = 4; lastKnownFileType = sourcecode.cpp.cpp; path = Subprocess.cpp; sourceTree = "<group>"; };
		A066D53E1951165100F49F6D /* Subprocess.h */ = {isa = PBXFileReference; fileEncoding = 4; lastKnownFileType = sourcecode.c.h; path = Subprocess.h; sourceTree = "<group>"; };
		A066D53F1951165100F49F6D /* Thread.cpp */ = {isa = PBXFileReference; fileEncoding = 4; lastKnownFileType = sourcecode.cpp.cpp; path = Thread.cpp; sourceTree = "<group>"; };
		A066D5401951165100F49F6D /* Thread.h */ = {isa = PBXFileReference; fileEncoding = 4; lastKnownFileType = sourcecode.c.h; path = Thread.h; sourceTree = "<group>"; };
		A066D5411951165100F49F6D /* UIBarImageButtonItem.h */ = {isa = PBXFileReference; fileEncoding = 4; lastKnownFileType = sourcecode.c.h; path = UIBarImageButtonItem.h; sourceTree = "<group>"; };
		A066D5421951165100F49F6D /* UIBarImageButtonItem.mm */ = {isa = PBXFileReference; fileEncoding = 4; lastKnownFileType = sourcecode.cpp.objcpp; path = UIBarImageButtonItem.mm; sourceTree = "<group>"; };
		A066D5431951165100F49F6D /* UIControlLabel.h */ = {isa = PBXFileReference; fileEncoding = 4; lastKnownFileType = sourcecode.c.h; path = UIControlLabel.h; sourceTree = "<group>"; };
		A066D5441951165100F49F6D /* UIControlLabel.mm */ = {isa = PBXFileReference; fileEncoding = 4; lastKnownFileType = sourcecode.cpp.objcpp; path = UIControlLabel.mm; sourceTree = "<group>"; };
		A066D5451951165100F49F6D /* UIDictionaryTableViewCell.h */ = {isa = PBXFileReference; fileEncoding = 4; lastKnownFileType = sourcecode.c.h; path = UIDictionaryTableViewCell.h; sourceTree = "<group>"; };
		A066D5461951165100F49F6D /* UIDictionaryTableViewCell.mm */ = {isa = PBXFileReference; fileEncoding = 4; lastKnownFileType = sourcecode.cpp.objcpp; path = UIDictionaryTableViewCell.mm; sourceTree = "<group>"; };
		A066D5471951165100F49F6D /* UIImageManager.h */ = {isa = PBXFileReference; fileEncoding = 4; lastKnownFileType = sourcecode.c.h; path = UIImageManager.h; sourceTree = "<group>"; };
		A066D5481951165100F49F6D /* UIImageManager.mm */ = {isa = PBXFileReference; fileEncoding = 4; lastKnownFileType = sourcecode.cpp.objcpp; path = UIImageManager.mm; sourceTree = "<group>"; };
		A066D5491951165100F49F6D /* Vector2.h */ = {isa = PBXFileReference; fileEncoding = 4; lastKnownFileType = sourcecode.c.h; path = Vector2.h; sourceTree = "<group>"; };
		A06CBC511970F1DB000784B3 /* Syntax Definitions */ = {isa = PBXFileReference; lastKnownFileType = folder; path = "Syntax Definitions"; sourceTree = "<group>"; };
		A08D376F19511DD0009F1BB2 /* Default-568h@2x.png */ = {isa = PBXFileReference; lastKnownFileType = image.png; path = "Default-568h@2x.png"; sourceTree = "<group>"; };
		A08D377019511DD0009F1BB2 /* Default-Portrait.png */ = {isa = PBXFileReference; lastKnownFileType = image.png; path = "Default-Portrait.png"; sourceTree = "<group>"; };
		A08D377119511DD0009F1BB2 /* Default@2x~iphone.png */ = {isa = PBXFileReference; lastKnownFileType = image.png; path = "Default@2x~iphone.png"; sourceTree = "<group>"; };
		A08D377219511DD0009F1BB2 /* Default~iphone.png */ = {isa = PBXFileReference; lastKnownFileType = image.png; path = "Default~iphone.png"; sourceTree = "<group>"; };
		A08D37B919511DD0009F1BB2 /* installer */ = {isa = PBXFileReference; fileEncoding = 4; lastKnownFileType = text.script.sh; path = installer; sourceTree = "<group>"; };
		A08D37BA19511DD0009F1BB2 /* miniCodeInstall */ = {isa = PBXFileReference; lastKnownFileType = "compiled.mach-o.executable"; path = miniCodeInstall; sourceTree = "<group>"; };
		A08D37BB19511DD0009F1BB2 /* Project Templates */ = {isa = PBXFileReference; lastKnownFileType = folder; path = "Project Templates"; sourceTree = "<group>"; };
		A08D38BD195124D6009F1BB2 /* UIWebViewController.h */ = {isa = PBXFileReference; fileEncoding = 4; lastKnownFileType = sourcecode.c.h; path = UIWebViewController.h; sourceTree = "<group>"; };
		A08D38BE195124D6009F1BB2 /* UIWebViewController.mm */ = {isa = PBXFileReference; fileEncoding = 4; lastKnownFileType = sourcecode.cpp.objcpp; path = UIWebViewController.mm; sourceTree = "<group>"; };
		A0A1398219703F160061B778 /* CoreFoundation.framework */ = {isa = PBXFileReference; lastKnownFileType = wrapper.framework; name = CoreFoundation.framework; path = System/Library/Frameworks/CoreFoundation.framework; sourceTree = SDKROOT; };
		A0A139B119703F230061B778 /* CoreText.framework */ = {isa = PBXFileReference; lastKnownFileType = wrapper.framework; name = CoreText.framework; path = System/Library/Frameworks/CoreText.framework; sourceTree = SDKROOT; };
		A0C0AD0D196F5D7800972CCB /* ConsoleOptionsActionSheet.h */ = {isa = PBXFileReference; fileEncoding = 4; lastKnownFileType = sourcecode.c.h; path = ConsoleOptionsActionSheet.h; sourceTree = "<group>"; };
		A0C0AD0E196F5D7800972CCB /* ConsoleOptionsActionSheet.mm */ = {isa = PBXFileReference; fileEncoding = 4; lastKnownFileType = sourcecode.cpp.objcpp; path = ConsoleOptionsActionSheet.mm; sourceTree = "<group>"; };
		A0CB3887195489900037BE42 /* CopyAction.h */ = {isa = PBXFileReference; fileEncoding = 4; lastKnownFileType = sourcecode.c.h; path = CopyAction.h; sourceTree = "<group>"; };
		A0CB3888195489900037BE42 /* CopyAction.mm */ = {isa = PBXFileReference; fileEncoding = 4; lastKnownFileType = sourcecode.cpp.objcpp; path = CopyAction.mm; sourceTree = "<group>"; };
		A0D6C8831957B6B1007A3328 /* Icon.png */ = {isa = PBXFileReference; lastKnownFileType = image.png; path = Icon.png; sourceTree = "<group>"; };
		A0D6C8841957B6B1007A3328 /* Icon@2x.png */ = {isa = PBXFileReference; lastKnownFileType = image.png; path = "Icon@2x.png"; sourceTree = "<group>"; };
		A0D6F980196F5F6F007A4C8B /* Images */ = {isa = PBXFileReference; lastKnownFileType = folder; path = Images; sourceTree = "<group>"; };
		A0DD33161954CEE60000D832 /* MoveAction.h */ = {isa = PBXFileReference; fileEncoding = 4; lastKnownFileType = sourcecode.c.h; path = MoveAction.h; sourceTree = "<group>"; };
		A0DD33171954CEE60000D832 /* MoveAction.mm */ = {isa = PBXFileReference; fileEncoding = 4; lastKnownFileType = sourcecode.cpp.objcpp; path = MoveAction.mm; sourceTree = "<group>"; };
		A0DF94F319635BA5002716AD /* ConsoleViewController.h */ = {isa = PBXFileReference; fileEncoding = 4; lastKnownFileType = sourcecode.c.h; path = ConsoleViewController.h; sourceTree = "<group>"; };
		A0DF94F419635BA5002716AD /* ConsoleViewController.mm */ = {isa = PBXFileReference; fileEncoding = 4; lastKnownFileType = sourcecode.cpp.objcpp; path = ConsoleViewController.mm; sourceTree = "<group>"; };
		A0F56A2D1961EA6D000E4FF0 /* UICodeEditorView.h */ = {isa = PBXFileReference; fileEncoding = 4; lastKnownFileType = sourcecode.c.h; path = UICodeEditorView.h; sourceTree = "<group>"; };
		A0F56A2E1961EA6D000E4FF0 /* UICodeEditorView.mm */ = {isa = PBXFileReference; fileEncoding = 4; lastKnownFileType = sourcecode.cpp.objcpp; path = UICodeEditorView.mm; sourceTree = "<group>"; };
		A0FC89CD1955F89400839646 /* CompilerWarnings.txt */ = {isa = PBXFileReference; fileEncoding = 4; lastKnownFileType = text; path = CompilerWarnings.txt; sourceTree = "<group>"; };
/* End PBXFileReference section */

/* Begin PBXFrameworksBuildPhase section */
		1D60588F0D05DD3D006BFB54 /* Frameworks */ = {
			isa = PBXFrameworksBuildPhase;
			buildActionMask = 2147483647;
			files = (
				1D60589F0D05DD5A006BFB54 /* Foundation.framework in Frameworks */,
				1DF5F4E00D08C38300B7A737 /* UIKit.framework in Frameworks */,
				288765FD0DF74451002DB57D /* CoreGraphics.framework in Frameworks */,
				A066D3EA195115F300F49F6D /* QuartzCore.framework in Frameworks */,
				A01A52D619536C1C001A7AD9 /* MessageUI.framework in Frameworks */,
				A0A1398319703F160061B778 /* CoreFoundation.framework in Frameworks */,
				A0A139B219703F230061B778 /* CoreText.framework in Frameworks */,
			);
			runOnlyForDeploymentPostprocessing = 0;
		};
/* End PBXFrameworksBuildPhase section */

/* Begin PBXGroup section */
		19C28FACFE9D520D11CA2CBB /* Products */ = {
			isa = PBXGroup;
			children = (
				1D6058910D05DD3D006BFB54 /* miniCode.app */,
			);
			name = Products;
			sourceTree = "<group>";
		};
		29B97314FDCFA39411CA2CEA /* CustomTemplate */ = {
			isa = PBXGroup;
			children = (
				A066D4881951165100F49F6D /* Source */,
				29B97317FDCFA39411CA2CEA /* Resources */,
				29B97323FDCFA39411CA2CEA /* Frameworks */,
				19C28FACFE9D520D11CA2CBB /* Products */,
			);
			name = CustomTemplate;
			sourceTree = "<group>";
		};
		29B97317FDCFA39411CA2CEA /* Resources */ = {
			isa = PBXGroup;
			children = (
				A0D6F980196F5F6F007A4C8B /* Images */,
				A08D37BB19511DD0009F1BB2 /* Project Templates */,
				A06CBC511970F1DB000784B3 /* Syntax Definitions */,
				A0FC89CD1955F89400839646 /* CompilerWarnings.txt */,
				A08D377119511DD0009F1BB2 /* Default@2x~iphone.png */,
				A08D376F19511DD0009F1BB2 /* Default-568h@2x.png */,
				A0504F561959157700611FFB /* Default-Landscape.png */,
				A0504F461959151C00611FFB /* Default-LandscapeLeft.png */,
				A0504F471959151C00611FFB /* Default-LandscapeRight.png */,
				A08D377019511DD0009F1BB2 /* Default-Portrait.png */,
				A0504F481959151C00611FFB /* Default-PortraitUpsideDown.png */,
				A08D377219511DD0009F1BB2 /* Default~iphone.png */,
				8D1107310486CEB800E47090 /* iCode-Info.plist */,
				A0D6C8831957B6B1007A3328 /* Icon.png */,
				A0D6C8841957B6B1007A3328 /* Icon@2x.png */,
				A08D37B919511DD0009F1BB2 /* installer */,
				A08D37BA19511DD0009F1BB2 /* miniCodeInstall */,
			);
			name = Resources;
			sourceTree = "<group>";
		};
		29B97323FDCFA39411CA2CEA /* Frameworks */ = {
			isa = PBXGroup;
			children = (
				1DF5F4DF0D08C38300B7A737 /* UIKit.framework */,
				1D30AB110D05D00D00671497 /* Foundation.framework */,
				A0A1398219703F160061B778 /* CoreFoundation.framework */,
				288765FC0DF74451002DB57D /* CoreGraphics.framework */,
				A0A139B119703F230061B778 /* CoreText.framework */,
				A066D3E9195115F300F49F6D /* QuartzCore.framework */,
				A01A52D519536C1C001A7AD9 /* MessageUI.framework */,
			);
			name = Frameworks;
			sourceTree = "<group>";
		};
		A0450BCC19608A03004BD8C8 /* UIScrollableToolbar */ = {
			isa = PBXGroup;
			children = (
				A0450BCD19608A03004BD8C8 /* UIScrollableToolbar.h */,
				A0450BCE19608A03004BD8C8 /* UIScrollableToolbar.mm */,
			);
			path = UIScrollableToolbar;
			sourceTree = "<group>";
		};
		A066D4881951165100F49F6D /* Source */ = {
			isa = PBXGroup;
			children = (
				A066D4891951165100F49F6D /* Compiler */,
				A066D4941951165100F49F6D /* CompilerView */,
				A0DF94F119635B96002716AD /* ConsoleView */,
				A066D49B1951165100F49F6D /* DDAlertPrompt */,
				A066D49E1951165100F49F6D /* DeprecationFix */,
				A066D4A11951165100F49F6D /* Homescreen */,
				A066D4A61951165100F49F6D /* IconManager */,
				A066D4A91951165100F49F6D /* LGViewHUD */,
				A066D4AD1951165100F49F6D /* Navigation */,
				A066D4B21951165100F49F6D /* ObjCBridge */,
				A066D4B61951165100F49F6D /* PreferencesView */,
				A066D4C11951165100F49F6D /* ProjectData */,
				A066D4C81951165100F49F6D /* ProjectLoad */,
				A066D4D61951165100F49F6D /* ProjectView */,
				A0F56A2C1961EA52000E4FF0 /* UICodeEditorView */,
				A066D50C1951165100F49F6D /* UIFileBrowserViewController */,
				A066D5161951165100F49F6D /* UIGridView */,
				A0450BCC19608A03004BD8C8 /* UIScrollableToolbar */,
				A066D51D1951165100F49F6D /* UITreeView */,
				A08D38BA195124D6009F1BB2 /* UIWebViewController */,
				A066D5291951165100F49F6D /* Util */,
				A066D4A41951165100F49F6D /* iCodeAppDelegate.h */,
				A066D4A51951165100F49F6D /* iCodeAppDelegate.mm */,
				A066D4AC1951165100F49F6D /* main.mm */,
			);
			path = Source;
			sourceTree = "<group>";
		};
		A066D4891951165100F49F6D /* Compiler */ = {
			isa = PBXGroup;
			children = (
				A066D48B1951165100F49F6D /* CompilerOrganizer.h */,
				A066D48A1951165100F49F6D /* CompilerOrganizer.cpp */,
				A066D48D1951165100F49F6D /* CompilerThread.h */,
				A066D48C1951165100F49F6D /* CompilerThread.cpp */,
				A066D48F1951165100F49F6D /* CompilerTools.h */,
				A066D48E1951165100F49F6D /* CompilerTools.cpp */,
				A066D4911951165100F49F6D /* CopyResourcesThread.h */,
				A066D4901951165100F49F6D /* CopyResourcesThread.cpp */,
				A066D4931951165100F49F6D /* InstallThread.h */,
				A066D4921951165100F49F6D /* InstallThread.cpp */,
			);
			path = Compiler;
			sourceTree = "<group>";
		};
		A066D4941951165100F49F6D /* CompilerView */ = {
			isa = PBXGroup;
			children = (
				A066D4951951165100F49F6D /* BuildOptionsActionSheet.h */,
				A066D4961951165100F49F6D /* BuildOptionsActionSheet.mm */,
				A066D4971951165100F49F6D /* CompileErrorViewController.h */,
				A066D4981951165100F49F6D /* CompileErrorViewController.mm */,
				A066D4991951165100F49F6D /* CompilerViewController.h */,
				A066D49A1951165100F49F6D /* CompilerViewController.mm */,
			);
			path = CompilerView;
			sourceTree = "<group>";
		};
		A066D49B1951165100F49F6D /* DDAlertPrompt */ = {
			isa = PBXGroup;
			children = (
				A066D49C1951165100F49F6D /* DDAlertPrompt.h */,
				A066D49D1951165100F49F6D /* DDAlertPrompt.mm */,
			);
			path = DDAlertPrompt;
			sourceTree = "<group>";
		};
		A066D49E1951165100F49F6D /* DeprecationFix */ = {
			isa = PBXGroup;
			children = (
				A03F56BA1955098F00067BE7 /* NSObjectDeprecationFix.h */,
				A03F56B81955097000067BE7 /* NSObjectDeprecationFix.mm */,
				A066D49F1951165100F49F6D /* UIColorDeprecationFix.mm */,
				A0450BD019608A1A004BD8C8 /* UIViewCategory.h */,
				A0450BD119608A1A004BD8C8 /* UIViewCategory.mm */,
				A066D4A01951165100F49F6D /* UIViewControllerDeprecationFix.mm */,
			);
			path = DeprecationFix;
			sourceTree = "<group>";
		};
		A066D4A11951165100F49F6D /* Homescreen */ = {
			isa = PBXGroup;
			children = (
				A066D4A21951165100F49F6D /* HomescreenViewController.h */,
				A066D4A31951165100F49F6D /* HomescreenViewController.mm */,
			);
			path = Homescreen;
			sourceTree = "<group>";
		};
		A066D4A61951165100F49F6D /* IconManager */ = {
			isa = PBXGroup;
			children = (
				A066D4A71951165100F49F6D /* IconManager.h */,
				A066D4A81951165100F49F6D /* IconManager.mm */,
			);
			path = IconManager;
			sourceTree = "<group>";
		};
		A066D4A91951165100F49F6D /* LGViewHUD */ = {
			isa = PBXGroup;
			children = (
				A066D4AA1951165100F49F6D /* LGViewHUD.h */,
				A066D4AB1951165100F49F6D /* LGViewHUD.m */,
			);
			path = LGViewHUD;
			sourceTree = "<group>";
		};
		A066D4AD1951165100F49F6D /* Navigation */ = {
			isa = PBXGroup;
			children = (
				A066D4AE1951165100F49F6D /* NavigatedViewController.h */,
				A066D4AF1951165100F49F6D /* NavigatedViewController.mm */,
				A066D4B01951165100F49F6D /* UINavigator.h */,
				A066D4B11951165100F49F6D /* UINavigator.mm */,
			);
			path = Navigation;
			sourceTree = "<group>";
		};
		A066D4B21951165100F49F6D /* ObjCBridge */ = {
			isa = PBXGroup;
			children = (
				A066D4B41951165100F49F6D /* ObjCBridge.h */,
				A066D4B31951165100F49F6D /* ObjCBridge.cpp */,
				A066D4B51951165100F49F6D /* ObjCBridge.mm */,
			);
			path = ObjCBridge;
			sourceTree = "<group>";
		};
		A066D4B61951165100F49F6D /* PreferencesView */ = {
			isa = PBXGroup;
			children = (
				A066D4B71951165100F49F6D /* AppManagerViewController.h */,
				A066D4B81951165100F49F6D /* AppManagerViewController.mm */,
				A066D4B91951165100F49F6D /* FontSelectorViewController.h */,
				A066D4BA1951165100F49F6D /* FontSelectorViewController.mm */,
				A066D4BB1951165100F49F6D /* FontSizePreviewViewController.h */,
				A066D4BC1951165100F49F6D /* FontSizePreviewViewController.mm */,
				A066D4BE1951165100F49F6D /* GlobalPreferences.h */,
				A066D4BD1951165100F49F6D /* GlobalPreferences.cpp */,
				A066D4BF1951165100F49F6D /* PreferencesViewController.h */,
				A066D4C01951165100F49F6D /* PreferencesViewController.mm */,
			);
			path = PreferencesView;
			sourceTree = "<group>";
		};
		A066D4C11951165100F49F6D /* ProjectData */ = {
			isa = PBXGroup;
			children = (
				A066D4C31951165100F49F6D /* ProjectBuildInfo.h */,
				A066D4C21951165100F49F6D /* ProjectBuildInfo.cpp */,
				A066D4C51951165100F49F6D /* ProjectData.h */,
				A066D4C41951165100F49F6D /* ProjectData.cpp */,
				A066D4C71951165100F49F6D /* ProjectSettings.h */,
				A066D4C61951165100F49F6D /* ProjectSettings.cpp */,
			);
			path = ProjectData;
			sourceTree = "<group>";
		};
		A066D4C81951165100F49F6D /* ProjectLoad */ = {
			isa = PBXGroup;
			children = (
				A066D4C91951165100F49F6D /* CreateProjectViewController.h */,
				A066D4CA1951165100F49F6D /* CreateProjectViewController.mm */,
				A066D4CB1951165100F49F6D /* LoadProjectViewController.h */,
				A066D4CC1951165100F49F6D /* LoadProjectViewController.mm */,
				A066D4CE1951165100F49F6D /* ProjLoadTools.h */,
				A066D4CD1951165100F49F6D /* ProjLoadTools.cpp */,
				A066D4CF1951165100F49F6D /* ProjLoadTools.mm */,
				A066D4D01951165100F49F6D /* SelectTemplateCategoryViewController.h */,
				A066D4D11951165100F49F6D /* SelectTemplateCategoryViewController.mm */,
				A066D4D21951165100F49F6D /* TemplateGridViewController.h */,
				A066D4D31951165100F49F6D /* TemplateGridViewController.mm */,
				A066D4D41951165100F49F6D /* TemplateInfoViewController.h */,
				A066D4D51951165100F49F6D /* TemplateInfoViewController.mm */,
			);
			path = ProjectLoad;
			sourceTree = "<group>";
		};
		A066D4D61951165100F49F6D /* ProjectView */ = {
			isa = PBXGroup;
			children = (
				A066D4D71951165100F49F6D /* CellHoldAction */,
				A066D4FD1951165100F49F6D /* CodeEditorViewController.h */,
				A066D4FE1951165100F49F6D /* CodeEditorViewController.mm */,
				A066D4FF1951165100F49F6D /* FileEditorDelegate.h */,
				A066D5001951165100F49F6D /* ImageViewerViewController.h */,
				A066D5011951165100F49F6D /* ImageViewerViewController.mm */,
				A066D5021951165100F49F6D /* PathListTableViewController.h */,
				A066D5031951165100F49F6D /* PathListTableViewController.mm */,
				A066D5041951165100F49F6D /* PlistViewerViewController.h */,
				A066D5051951165100F49F6D /* PlistViewerViewController.mm */,
				A066D5061951165100F49F6D /* ProjectSettingsViewController.h */,
				A066D5071951165100F49F6D /* ProjectSettingsViewController.mm */,
				A066D5081951165100F49F6D /* ProjectTreeViewCell.h */,
				A066D5091951165100F49F6D /* ProjectTreeViewCell.mm */,
				A066D50A1951165100F49F6D /* ProjectTreeViewController.h */,
				A066D50B1951165100F49F6D /* ProjectTreeViewController.mm */,
			);
			path = ProjectView;
			sourceTree = "<group>";
		};
		A066D4D71951165100F49F6D /* CellHoldAction */ = {
			isa = PBXGroup;
			children = (
				A066D4D81951165100F49F6D /* AddFrameworkAction.h */,
				A066D4D91951165100F49F6D /* AddFrameworkAction.mm */,
				A066D4DA1951165100F49F6D /* CellHoldAction.h */,
				A066D4DB1951165100F49F6D /* CellHoldAction.mm */,
				A0CB3887195489900037BE42 /* CopyAction.h */,
				A0CB3888195489900037BE42 /* CopyAction.mm */,
				A066D4DC1951165100F49F6D /* CreateFileAction.h */,
				A066D4DD1951165100F49F6D /* CreateFileAction.mm */,
				A066D4DE1951165100F49F6D /* CreateFolderAction.h */,
				A066D4DF1951165100F49F6D /* CreateFolderAction.mm */,
				A066D4E01951165100F49F6D /* DeleteAction.h */,
				A066D4E11951165100F49F6D /* DeleteAction.mm */,
				A066D4E21951165100F49F6D /* EditExternalLibrariesAction.h */,
				A066D4E31951165100F49F6D /* EditExternalLibrariesAction.mm */,
				A066D4E41951165100F49F6D /* EditIncludeFoldersAction.h */,
				A066D4E51951165100F49F6D /* EditIncludeFoldersAction.mm */,
				A066D4E61951165100F49F6D /* EditLibFoldersAction.h */,
				A066D4E71951165100F49F6D /* EditLibFoldersAction.mm */,
				A066D4E81951165100F49F6D /* FileBrowserAction.h */,
				A066D4E91951165100F49F6D /* FileBrowserAction.mm */,
				A066D4EA1951165100F49F6D /* ImportExternalLibraryAction.h */,
				A066D4EB1951165100F49F6D /* ImportExternalLibraryAction.mm */,
				A066D4EC1951165100F49F6D /* ImportFileAction.h */,
				A066D4ED1951165100F49F6D /* ImportFileAction.mm */,
				A066D4EE1951165100F49F6D /* ImportFolderAction.h */,
				A066D4EF1951165100F49F6D /* ImportFolderAction.mm */,
				A066D4F01951165100F49F6D /* LinkIncludeFolderAction.h */,
				A066D4F11951165100F49F6D /* LinkIncludeFolderAction.mm */,
				A066D4F21951165100F49F6D /* LinkLibFolderAction.h */,
				A066D4F31951165100F49F6D /* LinkLibFolderAction.mm */,
				A0DD33161954CEE60000D832 /* MoveAction.h */,
				A0DD33171954CEE60000D832 /* MoveAction.mm */,
				A066D4F41951165100F49F6D /* PathListAction.h */,
				A066D4F51951165100F49F6D /* PathListAction.mm */,
				A066D4F61951165100F49F6D /* ProjectTreeViewController+CellHoldAction.h */,
				A066D4F71951165100F49F6D /* RenameAction.h */,
				A066D4F81951165100F49F6D /* RenameAction.mm */,
				A066D4F91951165100F49F6D /* SelectIncludeFolderAction.h */,
				A066D4FA1951165100F49F6D /* SelectIncludeFolderAction.mm */,
				A066D4FB1951165100F49F6D /* SelectLibFolderAction.h */,
				A066D4FC1951165100F49F6D /* SelectLibFolderAction.mm */,
			);
			path = CellHoldAction;
			sourceTree = "<group>";
		};
		A066D50C1951165100F49F6D /* UIFileBrowserViewController */ = {
			isa = PBXGroup;
			children = (
				A066D50D1951165100F49F6D /* DirectoryItem.h */,
				A066D50E1951165100F49F6D /* DirectoryItem.mm */,
				A066D50F1951165100F49F6D /* NSFilePath.h */,
				A066D5101951165100F49F6D /* NSFilePath.mm */,
				A066D5111951165100F49F6D /* UIFileBrowserDelegate.h */,
				A066D5121951165100F49F6D /* UIFileBrowserViewController.h */,
				A066D5131951165100F49F6D /* UIFileBrowserViewController.mm */,
				A066D5141951165100F49F6D /* UIFolderViewController.h */,
				A066D5151951165100F49F6D /* UIFolderViewController.mm */,
			);
			path = UIFileBrowserViewController;
			sourceTree = "<group>";
		};
		A066D5161951165100F49F6D /* UIGridView */ = {
			isa = PBXGroup;
			children = (
				A066D5171951165100F49F6D /* UIGridView.h */,
				A066D5181951165100F49F6D /* UIGridView.mm */,
				A066D5191951165100F49F6D /* UIGridViewCell+UIGridView.h */,
				A066D51A1951165100F49F6D /* UIGridViewCell.h */,
				A066D51B1951165100F49F6D /* UIGridViewCell.mm */,
				A066D51C1951165100F49F6D /* UIGridViewDelegate.h */,
			);
			path = UIGridView;
			sourceTree = "<group>";
		};
		A066D51D1951165100F49F6D /* UITreeView */ = {
			isa = PBXGroup;
			children = (
				A066D51E1951165100F49F6D /* UITreeView.h */,
				A066D51F1951165100F49F6D /* UITreeView.mm */,
				A066D5201951165100F49F6D /* UITreeViewCell+UITreeView.h */,
				A066D5211951165100F49F6D /* UITreeViewCell.h */,
				A066D5221951165100F49F6D /* UITreeViewCell.mm */,
				A066D5231951165100F49F6D /* UITreeViewDelegate.h */,
			);
			path = UITreeView;
			sourceTree = "<group>";
		};
		A066D5291951165100F49F6D /* Util */ = {
			isa = PBXGroup;
			children = (
				A066D52B1951165100F49F6D /* AppManager.h */,
				A066D52A1951165100F49F6D /* AppManager.cpp */,
				A066D52C1951165100F49F6D /* ArrayList.h */,
				A066D52E1951165100F49F6D /* Console.h */,
				A066D52D1951165100F49F6D /* Console.cpp */,
				A066D5301951165100F49F6D /* FileOperationThread.h */,
				A066D52F1951165100F49F6D /* FileOperationThread.cpp */,
				A066D5321951165100F49F6D /* FileTools.h */,
				A066D5311951165100F49F6D /* FileTools.cpp */,
				A066D5331951165100F49F6D /* NumberCodes.h */,
				A066D5341951165100F49F6D /* NumberCodes.mm */,
				A066D5361951165100F49F6D /* popenRWE.h */,
				A066D5351951165100F49F6D /* popenRWE.cpp */,
				A066D5381951165100F49F6D /* SortedStringList.h */,
				A066D5371951165100F49F6D /* SortedStringList.cpp */,
				A066D53A1951165100F49F6D /* String.h */,
				A066D5391951165100F49F6D /* String.cpp */,
				A066D53C1951165100F49F6D /* StringTree.h */,
				A066D53B1951165100F49F6D /* StringTree.cpp */,
				A066D53E1951165100F49F6D /* Subprocess.h */,
				A066D53D1951165100F49F6D /* Subprocess.cpp */,
				A066D5401951165100F49F6D /* Thread.h */,
				A066D53F1951165100F49F6D /* Thread.cpp */,
				A066D5411951165100F49F6D /* UIBarImageButtonItem.h */,
				A066D5421951165100F49F6D /* UIBarImageButtonItem.mm */,
				A066D5431951165100F49F6D /* UIControlLabel.h */,
				A066D5441951165100F49F6D /* UIControlLabel.mm */,
				A066D5451951165100F49F6D /* UIDictionaryTableViewCell.h */,
				A066D5461951165100F49F6D /* UIDictionaryTableViewCell.mm */,
				A066D5471951165100F49F6D /* UIImageManager.h */,
				A066D5481951165100F49F6D /* UIImageManager.mm */,
				A066D5491951165100F49F6D /* Vector2.h */,
				A03F569C1954F6D800067BE7 /* VersionCheck.h */,
			);
			path = Util;
			sourceTree = "<group>";
		};
		A08D38BA195124D6009F1BB2 /* UIWebViewController */ = {
			isa = PBXGroup;
			children = (
				A08D38BD195124D6009F1BB2 /* UIWebViewController.h */,
				A08D38BE195124D6009F1BB2 /* UIWebViewController.mm */,
			);
			path = UIWebViewController;
			sourceTree = "<group>";
		};
		A0DF94F119635B96002716AD /* ConsoleView */ = {
			isa = PBXGroup;
			children = (
				A0C0AD0D196F5D7800972CCB /* ConsoleOptionsActionSheet.h */,
				A0C0AD0E196F5D7800972CCB /* ConsoleOptionsActionSheet.mm */,
				A0DF94F319635BA5002716AD /* ConsoleViewController.h */,
				A0DF94F419635BA5002716AD /* ConsoleViewController.mm */,
			);
			path = ConsoleView;
			sourceTree = "<group>";
		};
		A0F56A2C1961EA52000E4FF0 /* UICodeEditorView */ = {
			isa = PBXGroup;
			children = (
				A0F56A2D1961EA6D000E4FF0 /* UICodeEditorView.h */,
				A0F56A2E1961EA6D000E4FF0 /* UICodeEditorView.mm */,
				A01D4A271971A747001121FF /* SyntaxDefinitionManager.h */,
				A01D4A281971A747001121FF /* SyntaxDefinitionManager.mm */,
			);
			path = UICodeEditorView;
			sourceTree = "<group>";
		};
/* End PBXGroup section */

/* Begin PBXNativeTarget section */
		1D6058900D05DD3D006BFB54 /* miniCode */ = {
			isa = PBXNativeTarget;
			buildConfigurationList = 1D6058960D05DD3E006BFB54 /* Build configuration list for PBXNativeTarget "miniCode" */;
			buildPhases = (
				1D60588D0D05DD3D006BFB54 /* Resources */,
				1D60588E0D05DD3D006BFB54 /* Sources */,
				1D60588F0D05DD3D006BFB54 /* Frameworks */,
			);
			buildRules = (
			);
			dependencies = (
			);
			name = miniCode;
			productName = miniCode;
			productReference = 1D6058910D05DD3D006BFB54 /* miniCode.app */;
			productType = "com.apple.product-type.application";
		};
/* End PBXNativeTarget section */

/* Begin PBXProject section */
		29B97313FDCFA39411CA2CEA /* Project object */ = {
			isa = PBXProject;
			attributes = {
				LastUpgradeCheck = 0510;
			};
			buildConfigurationList = C01FCF4E08A954540054247B /* Build configuration list for PBXProject "miniCode" */;
			compatibilityVersion = "Xcode 3.2";
			developmentRegion = English;
			hasScannedForEncodings = 1;
			knownRegions = (
				English,
				Japanese,
				French,
				German,
			);
			mainGroup = 29B97314FDCFA39411CA2CEA /* CustomTemplate */;
			projectDirPath = "";
			projectRoot = "";
			targets = (
				1D6058900D05DD3D006BFB54 /* miniCode */,
			);
		};
/* End PBXProject section */

/* Begin PBXResourcesBuildPhase section */
		1D60588D0D05DD3D006BFB54 /* Resources */ = {
			isa = PBXResourcesBuildPhase;
			buildActionMask = 2147483647;
			files = (
				A08D37FD19511DD0009F1BB2 /* Default-568h@2x.png in Resources */,
				A08D37FE19511DD0009F1BB2 /* Default-Portrait.png in Resources */,
				A08D37FF19511DD0009F1BB2 /* Default@2x~iphone.png in Resources */,
				A08D380019511DD0009F1BB2 /* Default~iphone.png in Resources */,
				A08D380219511DD0009F1BB2 /* installer in Resources */,
				A08D380319511DD0009F1BB2 /* miniCodeInstall in Resources */,
				A08D380419511DD0009F1BB2 /* Project Templates in Resources */,
				A0FC89CE1955F89400839646 /* CompilerWarnings.txt in Resources */,
				A0D6C8851957B6B1007A3328 /* Icon.png in Resources */,
				A0D6C8861957B6B1007A3328 /* Icon@2x.png in Resources */,
				A0504F491959151C00611FFB /* Default-LandscapeLeft.png in Resources */,
				A0504F4A1959151D00611FFB /* Default-LandscapeRight.png in Resources */,
				A0504F4B1959151D00611FFB /* Default-PortraitUpsideDown.png in Resources */,
				A0504F571959157700611FFB /* Default-Landscape.png in Resources */,
				A0D6F9C3196F5F6F007A4C8B /* Images in Resources */,
				A06CBC521970F1DB000784B3 /* Syntax Definitions in Resources */,
			);
			runOnlyForDeploymentPostprocessing = 0;
		};
/* End PBXResourcesBuildPhase section */

/* Begin PBXSourcesBuildPhase section */
		1D60588E0D05DD3D006BFB54 /* Sources */ = {
			isa = PBXSourcesBuildPhase;
			buildActionMask = 2147483647;
			files = (
				A066D54A1951165100F49F6D /* CompilerOrganizer.cpp in Sources */,
				A066D54B1951165100F49F6D /* CompilerThread.cpp in Sources */,
				A066D54C1951165100F49F6D /* CompilerTools.cpp in Sources */,
				A066D54D1951165100F49F6D /* CopyResourcesThread.cpp in Sources */,
				A066D54E1951165100F49F6D /* InstallThread.cpp in Sources */,
				A066D54F1951165100F49F6D /* BuildOptionsActionSheet.mm in Sources */,
				A066D5501951165100F49F6D /* CompileErrorViewController.mm in Sources */,
				A066D5511951165100F49F6D /* CompilerViewController.mm in Sources */,
				A066D5521951165100F49F6D /* DDAlertPrompt.mm in Sources */,
				A066D5531951165100F49F6D /* UIColorDeprecationFix.mm in Sources */,
				A066D5541951165100F49F6D /* UIViewControllerDeprecationFix.mm in Sources */,
				A066D5551951165100F49F6D /* HomescreenViewController.mm in Sources */,
				A066D5561951165100F49F6D /* iCodeAppDelegate.mm in Sources */,
				A066D5571951165100F49F6D /* IconManager.mm in Sources */,
				A066D5581951165100F49F6D /* LGViewHUD.m in Sources */,
				A066D5591951165100F49F6D /* main.mm in Sources */,
				A066D55A1951165100F49F6D /* NavigatedViewController.mm in Sources */,
				A066D55B1951165100F49F6D /* UINavigator.mm in Sources */,
				A066D55C1951165100F49F6D /* ObjCBridge.cpp in Sources */,
				A066D55D1951165100F49F6D /* ObjCBridge.mm in Sources */,
				A066D55E1951165100F49F6D /* AppManagerViewController.mm in Sources */,
				A066D55F1951165100F49F6D /* FontSelectorViewController.mm in Sources */,
				A066D5601951165100F49F6D /* FontSizePreviewViewController.mm in Sources */,
				A066D5611951165100F49F6D /* GlobalPreferences.cpp in Sources */,
				A066D5621951165100F49F6D /* PreferencesViewController.mm in Sources */,
				A066D5631951165100F49F6D /* ProjectBuildInfo.cpp in Sources */,
				A066D5641951165100F49F6D /* ProjectData.cpp in Sources */,
				A066D5651951165100F49F6D /* ProjectSettings.cpp in Sources */,
				A066D5661951165100F49F6D /* CreateProjectViewController.mm in Sources */,
				A066D5671951165100F49F6D /* LoadProjectViewController.mm in Sources */,
				A066D5681951165100F49F6D /* ProjLoadTools.cpp in Sources */,
				A066D5691951165100F49F6D /* ProjLoadTools.mm in Sources */,
				A066D56A1951165100F49F6D /* SelectTemplateCategoryViewController.mm in Sources */,
				A066D56B1951165100F49F6D /* TemplateGridViewController.mm in Sources */,
				A066D56C1951165100F49F6D /* TemplateInfoViewController.mm in Sources */,
				A066D56D1951165100F49F6D /* AddFrameworkAction.mm in Sources */,
				A066D56E1951165100F49F6D /* CellHoldAction.mm in Sources */,
				A066D56F1951165100F49F6D /* CreateFileAction.mm in Sources */,
				A066D5701951165100F49F6D /* CreateFolderAction.mm in Sources */,
				A066D5711951165100F49F6D /* DeleteAction.mm in Sources */,
				A066D5721951165100F49F6D /* EditExternalLibrariesAction.mm in Sources */,
				A066D5731951165100F49F6D /* EditIncludeFoldersAction.mm in Sources */,
				A066D5741951165100F49F6D /* EditLibFoldersAction.mm in Sources */,
				A066D5751951165100F49F6D /* FileBrowserAction.mm in Sources */,
				A066D5761951165100F49F6D /* ImportExternalLibraryAction.mm in Sources */,
				A066D5771951165100F49F6D /* ImportFileAction.mm in Sources */,
				A066D5781951165100F49F6D /* ImportFolderAction.mm in Sources */,
				A066D5791951165100F49F6D /* LinkIncludeFolderAction.mm in Sources */,
				A066D57A1951165100F49F6D /* LinkLibFolderAction.mm in Sources */,
				A066D57B1951165100F49F6D /* PathListAction.mm in Sources */,
				A066D57C1951165100F49F6D /* RenameAction.mm in Sources */,
				A066D57D1951165100F49F6D /* SelectIncludeFolderAction.mm in Sources */,
				A066D57E1951165100F49F6D /* SelectLibFolderAction.mm in Sources */,
				A066D57F1951165100F49F6D /* CodeEditorViewController.mm in Sources */,
				A066D5801951165100F49F6D /* ImageViewerViewController.mm in Sources */,
				A066D5811951165100F49F6D /* PathListTableViewController.mm in Sources */,
				A066D5821951165100F49F6D /* PlistViewerViewController.mm in Sources */,
				A066D5831951165100F49F6D /* ProjectSettingsViewController.mm in Sources */,
				A066D5841951165100F49F6D /* ProjectTreeViewCell.mm in Sources */,
				A066D5851951165100F49F6D /* ProjectTreeViewController.mm in Sources */,
				A066D5861951165100F49F6D /* DirectoryItem.mm in Sources */,
				A066D5871951165100F49F6D /* NSFilePath.mm in Sources */,
				A066D5881951165100F49F6D /* UIFileBrowserViewController.mm in Sources */,
				A066D5891951165100F49F6D /* UIFolderViewController.mm in Sources */,
				A066D58A1951165100F49F6D /* UIGridView.mm in Sources */,
				A066D58B1951165100F49F6D /* UIGridViewCell.mm in Sources */,
				A066D58C1951165100F49F6D /* UITreeView.mm in Sources */,
				A066D58D1951165100F49F6D /* UITreeViewCell.mm in Sources */,
				A066D5901951165100F49F6D /* AppManager.cpp in Sources */,
				A066D5911951165100F49F6D /* Console.cpp in Sources */,
				A066D5921951165100F49F6D /* FileOperationThread.cpp in Sources */,
				A066D5931951165100F49F6D /* FileTools.cpp in Sources */,
				A066D5941951165100F49F6D /* NumberCodes.mm in Sources */,
				A066D5951951165100F49F6D /* popenRWE.cpp in Sources */,
				A066D5961951165100F49F6D /* SortedStringList.cpp in Sources */,
				A066D5971951165100F49F6D /* String.cpp in Sources */,
				A066D5981951165100F49F6D /* StringTree.cpp in Sources */,
				A066D5991951165100F49F6D /* Subprocess.cpp in Sources */,
				A066D59A1951165100F49F6D /* Thread.cpp in Sources */,
				A066D59B1951165100F49F6D /* UIBarImageButtonItem.mm in Sources */,
				A066D59C1951165100F49F6D /* UIControlLabel.mm in Sources */,
				A066D59D1951165100F49F6D /* UIDictionaryTableViewCell.mm in Sources */,
				A066D59E1951165100F49F6D /* UIImageManager.mm in Sources */,
				A08D38C0195124D6009F1BB2 /* UIWebViewController.mm in Sources */,
				A0CB3889195489900037BE42 /* CopyAction.mm in Sources */,
				A0DD33181954CEE60000D832 /* MoveAction.mm in Sources */,
				A03F56B91955097000067BE7 /* NSObjectDeprecationFix.mm in Sources */,
				A0450BCF19608A03004BD8C8 /* UIScrollableToolbar.mm in Sources */,
				A0450BD219608A1A004BD8C8 /* UIViewCategory.mm in Sources */,
				A0F56A2F1961EA6D000E4FF0 /* UICodeEditorView.mm in Sources */,
				A0DF94F519635BA5002716AD /* ConsoleViewController.mm in Sources */,
				A0C0AD0F196F5D7800972CCB /* ConsoleOptionsActionSheet.mm in Sources */,
				A01D4A291971A747001121FF /* SyntaxDefinitionManager.mm in Sources */,
			);
			runOnlyForDeploymentPostprocessing = 0;
		};
/* End PBXSourcesBuildPhase section */

/* Begin XCBuildConfiguration section */
		1D6058940D05DD3E006BFB54 /* Debug */ = {
			isa = XCBuildConfiguration;
			buildSettings = {
				ALWAYS_SEARCH_USER_PATHS = NO;
				CLANG_CXX_LANGUAGE_STANDARD = "c++0x";
				CLANG_CXX_LIBRARY = "libc++";
				COPY_PHASE_STRIP = NO;
				GCC_DYNAMIC_NO_PIC = NO;
				GCC_OPTIMIZATION_LEVEL = 0;
				GCC_PRECOMPILE_PREFIX_HEADER = YES;
				GCC_PREFIX_HEADER = iCode_Prefix.pch;
				GCC_VERSION = com.apple.compilers.llvm.clang.1_0;
				INFOPLIST_FILE = "iCode-Info.plist";
				IPHONEOS_DEPLOYMENT_TARGET = 7.0;
				LIBRARY_SEARCH_PATHS = (
					"$(inherited)",
					"\"$(SRCROOT)/SDL/lib\"",
				);
				PRODUCT_NAME = miniCode;
			};
			name = Debug;
		};
		1D6058950D05DD3E006BFB54 /* Release */ = {
			isa = XCBuildConfiguration;
			buildSettings = {
				ALWAYS_SEARCH_USER_PATHS = NO;
				CLANG_CXX_LANGUAGE_STANDARD = "c++0x";
				CLANG_CXX_LIBRARY = "libc++";
				COPY_PHASE_STRIP = YES;
				GCC_PRECOMPILE_PREFIX_HEADER = YES;
				GCC_PREFIX_HEADER = iCode_Prefix.pch;
				GCC_VERSION = com.apple.compilers.llvm.clang.1_0;
				INFOPLIST_FILE = "iCode-Info.plist";
				IPHONEOS_DEPLOYMENT_TARGET = 7.0;
				LIBRARY_SEARCH_PATHS = (
					"$(inherited)",
					"\"$(SRCROOT)/SDL/lib\"",
				);
				PRODUCT_NAME = miniCode;
				VALIDATE_PRODUCT = YES;
			};
			name = Release;
		};
		C01FCF4F08A954540054247B /* Debug */ = {
			isa = XCBuildConfiguration;
			buildSettings = {
				CLANG_CXX_LANGUAGE_STANDARD = "c++0x";
				CLANG_CXX_LIBRARY = "libc++";
				CODE_SIGN_IDENTITY = "MrGray.com Developer";
				GCC_C_LANGUAGE_STANDARD = c99;
				GCC_VERSION = com.apple.compilers.llvm.clang.1_0;
				GCC_WARN_64_TO_32_BIT_CONVERSION = NO;
				GCC_WARN_ABOUT_DEPRECATED_FUNCTIONS = NO;
				ONLY_ACTIVE_ARCH = YES;
				OTHER_CODE_SIGN_FLAGS = "";
				PREBINDING = NO;
				SDKROOT = iphoneos;
				TARGETED_DEVICE_FAMILY = "1,2";
			};
			name = Debug;
		};
		C01FCF5008A954540054247B /* Release */ = {
			isa = XCBuildConfiguration;
			buildSettings = {
				CLANG_CXX_LANGUAGE_STANDARD = "c++0x";
				CLANG_CXX_LIBRARY = "libc++";
				CODE_SIGN_IDENTITY = "MrGray.com Developer";
				GCC_C_LANGUAGE_STANDARD = c99;
				GCC_VERSION = com.apple.compilers.llvm.clang.1_0;
				GCC_WARN_64_TO_32_BIT_CONVERSION = NO;
				GCC_WARN_ABOUT_DEPRECATED_FUNCTIONS = NO;
				OTHER_CFLAGS = "-DNS_BLOCK_ASSERTIONS=1";
				OTHER_CODE_SIGN_FLAGS = "";
				PREBINDING = NO;
				SDKROOT = iphoneos;
				TARGETED_DEVICE_FAMILY = "1,2";
			};
			name = Release;
		};
/* End XCBuildConfiguration section */

/* Begin XCConfigurationList section */
		1D6058960D05DD3E006BFB54 /* Build configuration list for PBXNativeTarget "miniCode" */ = {
			isa = XCConfigurationList;
			buildConfigurations = (
				1D6058940D05DD3E006BFB54 /* Debug */,
				1D6058950D05DD3E006BFB54 /* Release */,
			);
			defaultConfigurationIsVisible = 0;
			defaultConfigurationName = Release;
		};
		C01FCF4E08A954540054247B /* Build configuration list for PBXProject "miniCode" */ = {
			isa = XCConfigurationList;
			buildConfigurations = (
				C01FCF4F08A954540054247B /* Debug */,
				C01FCF5008A954540054247B /* Release */,
			);
			defaultConfigurationIsVisible = 0;
			defaultConfigurationName = Release;
		};
/* End XCConfigurationList section */
	};
	rootObject = 29B97313FDCFA39411CA2CEA /* Project object */;
}
